// !$*UTF8*$!
{
	archiveVersion = 1;
	classes = {
	};
	objectVersion = 46;
	objects = {

/* Begin PBXBuildFile section */
		088B7FA71A9EA2F500D9E1B5 /* AppDelegate.swift in Sources */ = {isa = PBXBuildFile; fileRef = 088B7FA61A9EA2F500D9E1B5 /* AppDelegate.swift */; };
		088B7FA91A9EA2F500D9E1B5 /* ViewController.swift in Sources */ = {isa = PBXBuildFile; fileRef = 088B7FA81A9EA2F500D9E1B5 /* ViewController.swift */; };
		088B7FAC1A9EA2F500D9E1B5 /* Main.storyboard in Resources */ = {isa = PBXBuildFile; fileRef = 088B7FAA1A9EA2F500D9E1B5 /* Main.storyboard */; };
		088B7FAE1A9EA2F500D9E1B5 /* Images.xcassets in Resources */ = {isa = PBXBuildFile; fileRef = 088B7FAD1A9EA2F500D9E1B5 /* Images.xcassets */; };
		088B7FB11A9EA2F500D9E1B5 /* LaunchScreen.xib in Resources */ = {isa = PBXBuildFile; fileRef = 088B7FAF1A9EA2F500D9E1B5 /* LaunchScreen.xib */; };
		088B7FBD1A9EA2F500D9E1B5 /* Saving_in_Directory_exercise_KDHTests.swift in Sources */ = {isa = PBXBuildFile; fileRef = 088B7FBC1A9EA2F500D9E1B5 /* Saving_in_Directory_exercise_KDHTests.swift */; };
/* End PBXBuildFile section */

/* Begin PBXContainerItemProxy section */
		088B7FB71A9EA2F500D9E1B5 /* PBXContainerItemProxy */ = {
			isa = PBXContainerItemProxy;
			containerPortal = 088B7F991A9EA2F500D9E1B5 /* Project object */;
			proxyType = 1;
			remoteGlobalIDString = 088B7FA01A9EA2F500D9E1B5;
			remoteInfo = "Saving in Directory exercise KDH";
		};
/* End PBXContainerItemProxy section */

/* Begin PBXFileReference section */
		088B7FA11A9EA2F500D9E1B5 /* Saving in Directory exercise KDH.app */ = {isa = PBXFileReference; explicitFileType = wrapper.application; includeInIndex = 0; path = "Saving in Directory exercise KDH.app"; sourceTree = BUILT_PRODUCTS_DIR; };
		088B7FA51A9EA2F500D9E1B5 /* Info.plist */ = {isa = PBXFileReference; lastKnownFileType = text.plist.xml; path = Info.plist; sourceTree = "<group>"; };
		088B7FA61A9EA2F500D9E1B5 /* AppDelegate.swift */ = {isa = PBXFileReference; lastKnownFileType = sourcecode.swift; path = AppDelegate.swift; sourceTree = "<group>"; };
		088B7FA81A9EA2F500D9E1B5 /* ViewController.swift */ = {isa = PBXFileReference; lastKnownFileType = sourcecode.swift; path = ViewController.swift; sourceTree = "<group>"; };
		088B7FAB1A9EA2F500D9E1B5 /* Base */ = {isa = PBXFileReference; lastKnownFileType = file.storyboard; name = Base; path = Base.lproj/Main.storyboard; sourceTree = "<group>"; };
		088B7FAD1A9EA2F500D9E1B5 /* Images.xcassets */ = {isa = PBXFileReference; lastKnownFileType = folder.assetcatalog; path = Images.xcassets; sourceTree = "<group>"; };
		088B7FB01A9EA2F500D9E1B5 /* Base */ = {isa = PBXFileReference; lastKnownFileType = file.xib; name = Base; path = Base.lproj/LaunchScreen.xib; sourceTree = "<group>"; };
		088B7FB61A9EA2F500D9E1B5 /* Saving in Directory exercise KDHTests.xctest */ = {isa = PBXFileReference; explicitFileType = wrapper.cfbundle; includeInIndex = 0; path = "Saving in Directory exercise KDHTests.xctest"; sourceTree = BUILT_PRODUCTS_DIR; };
		088B7FBB1A9EA2F500D9E1B5 /* Info.plist */ = {isa = PBXFileReference; lastKnownFileType = text.plist.xml; path = Info.plist; sourceTree = "<group>"; };
		088B7FBC1A9EA2F500D9E1B5 /* Saving_in_Directory_exercise_KDHTests.swift */ = {isa = PBXFileReference; lastKnownFileType = sourcecode.swift; path = Saving_in_Directory_exercise_KDHTests.swift; sourceTree = "<group>"; };
/* End PBXFileReference section */

/* Begin PBXFrameworksBuildPhase section */
		088B7F9E1A9EA2F500D9E1B5 /* Frameworks */ = {
			isa = PBXFrameworksBuildPhase;
			buildActionMask = 2147483647;
			files = (
			);
			runOnlyForDeploymentPostprocessing = 0;
		};
		088B7FB31A9EA2F500D9E1B5 /* Frameworks */ = {
			isa = PBXFrameworksBuildPhase;
			buildActionMask = 2147483647;
			files = (
			);
			runOnlyForDeploymentPostprocessing = 0;
		};
/* End PBXFrameworksBuildPhase section */

/* Begin PBXGroup section */
		088B7F981A9EA2F500D9E1B5 = {
			isa = PBXGroup;
			children = (
				088B7FA31A9EA2F500D9E1B5 /* Saving in Directory exercise KDH */,
				088B7FB91A9EA2F500D9E1B5 /* Saving in Directory exercise KDHTests */,
				088B7FA21A9EA2F500D9E1B5 /* Products */,
			);
			sourceTree = "<group>";
		};
		088B7FA21A9EA2F500D9E1B5 /* Products */ = {
			isa = PBXGroup;
			children = (
				088B7FA11A9EA2F500D9E1B5 /* Saving in Directory exercise KDH.app */,
				088B7FB61A9EA2F500D9E1B5 /* Saving in Directory exercise KDHTests.xctest */,
			);
			name = Products;
			sourceTree = "<group>";
		};
		088B7FA31A9EA2F500D9E1B5 /* Saving in Directory exercise KDH */ = {
			isa = PBXGroup;
			children = (
				088B7FA61A9EA2F500D9E1B5 /* AppDelegate.swift */,
				088B7FA81A9EA2F500D9E1B5 /* ViewController.swift */,
				088B7FAA1A9EA2F500D9E1B5 /* Main.storyboard */,
				088B7FAD1A9EA2F500D9E1B5 /* Images.xcassets */,
				088B7FAF1A9EA2F500D9E1B5 /* LaunchScreen.xib */,
				088B7FA41A9EA2F500D9E1B5 /* Supporting Files */,
			);
			path = "Saving in Directory exercise KDH";
			sourceTree = "<group>";
		};
		088B7FA41A9EA2F500D9E1B5 /* Supporting Files */ = {
			isa = PBXGroup;
			children = (
				088B7FA51A9EA2F500D9E1B5 /* Info.plist */,
			);
			name = "Supporting Files";
			sourceTree = "<group>";
		};
		088B7FB91A9EA2F500D9E1B5 /* Saving in Directory exercise KDHTests */ = {
			isa = PBXGroup;
			children = (
				088B7FBC1A9EA2F500D9E1B5 /* Saving_in_Directory_exercise_KDHTests.swift */,
				088B7FBA1A9EA2F500D9E1B5 /* Supporting Files */,
			);
			path = "Saving in Directory exercise KDHTests";
			sourceTree = "<group>";
		};
		088B7FBA1A9EA2F500D9E1B5 /* Supporting Files */ = {
			isa = PBXGroup;
			children = (
				088B7FBB1A9EA2F500D9E1B5 /* Info.plist */,
			);
			name = "Supporting Files";
			sourceTree = "<group>";
		};
/* End PBXGroup section */

/* Begin PBXNativeTarget section */
		088B7FA01A9EA2F500D9E1B5 /* Saving in Directory exercise KDH */ = {
			isa = PBXNativeTarget;
			buildConfigurationList = 088B7FC01A9EA2F500D9E1B5 /* Build configuration list for PBXNativeTarget "Saving in Directory exercise KDH" */;
			buildPhases = (
				088B7F9D1A9EA2F500D9E1B5 /* Sources */,
				088B7F9E1A9EA2F500D9E1B5 /* Frameworks */,
				088B7F9F1A9EA2F500D9E1B5 /* Resources */,
			);
			buildRules = (
			);
			dependencies = (
			);
			name = "Saving in Directory exercise KDH";
			productName = "Saving in Directory exercise KDH";
			productReference = 088B7FA11A9EA2F500D9E1B5 /* Saving in Directory exercise KDH.app */;
			productType = "com.apple.product-type.application";
		};
		088B7FB51A9EA2F500D9E1B5 /* Saving in Directory exercise KDHTests */ = {
			isa = PBXNativeTarget;
			buildConfigurationList = 088B7FC31A9EA2F500D9E1B5 /* Build configuration list for PBXNativeTarget "Saving in Directory exercise KDHTests" */;
			buildPhases = (
				088B7FB21A9EA2F500D9E1B5 /* Sources */,
				088B7FB31A9EA2F500D9E1B5 /* Frameworks */,
				088B7FB41A9EA2F500D9E1B5 /* Resources */,
			);
			buildRules = (
			);
			dependencies = (
				088B7FB81A9EA2F500D9E1B5 /* PBXTargetDependency */,
			);
			name = "Saving in Directory exercise KDHTests";
			productName = "Saving in Directory exercise KDHTests";
			productReference = 088B7FB61A9EA2F500D9E1B5 /* Saving in Directory exercise KDHTests.xctest */;
			productType = "com.apple.product-type.bundle.unit-test";
		};
/* End PBXNativeTarget section */

/* Begin PBXProject section */
		088B7F991A9EA2F500D9E1B5 /* Project object */ = {
			isa = PBXProject;
			attributes = {
				LastUpgradeCheck = 0610;
				ORGANIZATIONNAME = "Kathryn Hill";
				TargetAttributes = {
					088B7FA01A9EA2F500D9E1B5 = {
						CreatedOnToolsVersion = 6.1.1;
					};
					088B7FB51A9EA2F500D9E1B5 = {
						CreatedOnToolsVersion = 6.1.1;
						TestTargetID = 088B7FA01A9EA2F500D9E1B5;
					};
				};
			};
			buildConfigurationList = 088B7F9C1A9EA2F500D9E1B5 /* Build configuration list for PBXProject "Saving in Directory exercise KDH" */;
			compatibilityVersion = "Xcode 3.2";
			developmentRegion = English;
			hasScannedForEncodings = 0;
			knownRegions = (
				en,
				Base,
			);
			mainGroup = 088B7F981A9EA2F500D9E1B5;
			productRefGroup = 088B7FA21A9EA2F500D9E1B5 /* Products */;
			projectDirPath = "";
			projectRoot = "";
			targets = (
				088B7FA01A9EA2F500D9E1B5 /* Saving in Directory exercise KDH */,
				088B7FB51A9EA2F500D9E1B5 /* Saving in Directory exercise KDHTests */,
			);
		};
/* End PBXProject section */

/* Begin PBXResourcesBuildPhase section */
		088B7F9F1A9EA2F500D9E1B5 /* Resources */ = {
			isa = PBXResourcesBuildPhase;
			buildActionMask = 2147483647;
			files = (
				088B7FAC1A9EA2F500D9E1B5 /* Main.storyboard in Resources */,
				088B7FB11A9EA2F500D9E1B5 /* LaunchScreen.xib in Resources */,
				088B7FAE1A9EA2F500D9E1B5 /* Images.xcassets in Resources */,
			);
			runOnlyForDeploymentPostprocessing = 0;
		};
		088B7FB41A9EA2F500D9E1B5 /* Resources */ = {
			isa = PBXResourcesBuildPhase;
			buildActionMask = 2147483647;
			files = (
			);
			runOnlyForDeploymentPostprocessing = 0;
		};
/* End PBXResourcesBuildPhase section */

/* Begin PBXSourcesBuildPhase section */
		088B7F9D1A9EA2F500D9E1B5 /* Sources */ = {
			isa = PBXSourcesBuildPhase;
			buildActionMask = 2147483647;
			files = (
				088B7FA91A9EA2F500D9E1B5 /* ViewController.swift in Sources */,
				088B7FA71A9EA2F500D9E1B5 /* AppDelegate.swift in Sources */,
			);
			runOnlyForDeploymentPostprocessing = 0;
		};
		088B7FB21A9EA2F500D9E1B5 /* Sources */ = {
			isa = PBXSourcesBuildPhase;
			buildActionMask = 2147483647;
			files = (
				088B7FBD1A9EA2F500D9E1B5 /* Saving_in_Directory_exercise_KDHTests.swift in Sources */,
			);
			runOnlyForDeploymentPostprocessing = 0;
		};
/* End PBXSourcesBuildPhase section */

/* Begin PBXTargetDependency section */
		088B7FB81A9EA2F500D9E1B5 /* PBXTargetDependency */ = {
			isa = PBXTargetDependency;
			target = 088B7FA01A9EA2F500D9E1B5 /* Saving in Directory exercise KDH */;
			targetProxy = 088B7FB71A9EA2F500D9E1B5 /* PBXContainerItemProxy */;
		};
/* End PBXTargetDependency section */

/* Begin PBXVariantGroup section */
		088B7FAA1A9EA2F500D9E1B5 /* Main.storyboard */ = {
			isa = PBXVariantGroup;
			children = (
				088B7FAB1A9EA2F500D9E1B5 /* Base */,
			);
			name = Main.storyboard;
			sourceTree = "<group>";
		};
		088B7FAF1A9EA2F500D9E1B5 /* LaunchScreen.xib */ = {
			isa = PBXVariantGroup;
			children = (
				088B7FB01A9EA2F500D9E1B5 /* Base */,
			);
			name = LaunchScreen.xib;
			sourceTree = "<group>";
		};
/* End PBXVariantGroup section */

/* Begin XCBuildConfiguration section */
		088B7FBE1A9EA2F500D9E1B5 /* Debug */ = {
			isa = XCBuildConfiguration;
			buildSettings = {
				ALWAYS_SEARCH_USER_PATHS = NO;
				CLANG_CXX_LANGUAGE_STANDARD = "gnu++0x";
				CLANG_CXX_LIBRARY = "libc++";
				CLANG_ENABLE_MODULES = YES;
				CLANG_ENABLE_OBJC_ARC = YES;
				CLANG_WARN_BOOL_CONVERSION = YES;
				CLANG_WARN_CONSTANT_CONVERSION = YES;
				CLANG_WARN_DIRECT_OBJC_ISA_USAGE = YES_ERROR;
				CLANG_WARN_EMPTY_BODY = YES;
				CLANG_WARN_ENUM_CONVERSION = YES;
				CLANG_WARN_INT_CONVERSION = YES;
				CLANG_WARN_OBJC_ROOT_CLASS = YES_ERROR;
				CLANG_WARN_UNREACHABLE_CODE = YES;
				CLANG_WARN__DUPLICATE_METHOD_MATCH = YES;
				"CODE_SIGN_IDENTITY[sdk=iphoneos*]" = "iPhone Developer";
				COPY_PHASE_STRIP = NO;
				ENABLE_STRICT_OBJC_MSGSEND = YES;
				GCC_C_LANGUAGE_STANDARD = gnu99;
				GCC_DYNAMIC_NO_PIC = NO;
				GCC_OPTIMIZATION_LEVEL = 0;
				GCC_PREPROCESSOR_DEFINITIONS = (
					"DEBUG=1",
					"$(inherited)",
				);
				GCC_SYMBOLS_PRIVATE_EXTERN = NO;
				GCC_WARN_64_TO_32_BIT_CONVERSION = YES;
				GCC_WARN_ABOUT_RETURN_TYPE = YES_ERROR;
				GCC_WARN_UNDECLARED_SELECTOR = YES;
				GCC_WARN_UNINITIALIZED_AUTOS = YES_AGGRESSIVE;
				GCC_WARN_UNUSED_FUNCTION = YES;
				GCC_WARN_UNUSED_VARIABLE = YES;
				IPHONEOS_DEPLOYMENT_TARGET = 8.1;
				MTL_ENABLE_DEBUG_INFO = YES;
				ONLY_ACTIVE_ARCH = YES;
				SDKROOT = iphoneos;
				SWIFT_OPTIMIZATION_LEVEL = "-Onone";
				TARGETED_DEVICE_FAMILY = "1,2";
			};
			name = Debug;
		};
		088B7FBF1A9EA2F500D9E1B5 /* Release */ = {
			isa = XCBuildConfiguration;
			buildSettings = {
				ALWAYS_SEARCH_USER_PATHS = NO;
				CLANG_CXX_LANGUAGE_STANDARD = "gnu++0x";
				CLANG_CXX_LIBRARY = "libc++";
				CLANG_ENABLE_MODULES = YES;
				CLANG_ENABLE_OBJC_ARC = YES;
				CLANG_WARN_BOOL_CONVERSION = YES;
				CLANG_WARN_CONSTANT_CONVERSION = YES;
				CLANG_WARN_DIRECT_OBJC_ISA_USAGE = YES_ERROR;
				CLANG_WARN_EMPTY_BODY = YES;
				CLANG_WARN_ENUM_CONVERSION = YES;
				CLANG_WARN_INT_CONVERSION = YES;
				CLANG_WARN_OBJC_ROOT_CLASS = YES_ERROR;
				CLANG_WARN_UNREACHABLE_CODE = YES;
				CLANG_WARN__DUPLICATE_METHOD_MATCH = YES;
				"CODE_SIGN_IDENTITY[sdk=iphoneos*]" = "iPhone Developer";
				COPY_PHASE_STRIP = YES;
				ENABLE_NS_ASSERTIONS = NO;
				ENABLE_STRICT_OBJC_MSGSEND = YES;
				GCC_C_LANGUAGE_STANDARD = gnu99;
				GCC_WARN_64_TO_32_BIT_CONVERSION = YES;
				GCC_WARN_ABOUT_RETURN_TYPE = YES_ERROR;
				GCC_WARN_UNDECLARED_SELECTOR = YES;
				GCC_WARN_UNINITIALIZED_AUTOS = YES_AGGRESSIVE;
				GCC_WARN_UNUSED_FUNCTION = YES;
				GCC_WARN_UNUSED_VARIABLE = YES;
				IPHONEOS_DEPLOYMENT_TARGET = 8.1;
				MTL_ENABLE_DEBUG_INFO = NO;
				SDKROOT = iphoneos;
				TARGETED_DEVICE_FAMILY = "1,2";
				VALIDATE_PRODUCT = YES;
			};
			name = Release;
		};
		088B7FC11A9EA2F500D9E1B5 /* Debug */ = {
			isa = XCBuildConfiguration;
			buildSettings = {
				ASSETCATALOG_COMPILER_APPICON_NAME = AppIcon;
				INFOPLIST_FILE = "Saving in Directory exercise KDH/Info.plist";
				IPHONEOS_DEPLOYMENT_TARGET = 7.1;
				LD_RUNPATH_SEARCH_PATHS = "$(inherited) @executable_path/Frameworks";
				PRODUCT_NAME = "$(TARGET_NAME)";
			};
			name = Debug;
		};
		088B7FC21A9EA2F500D9E1B5 /* Release */ = {
			isa = XCBuildConfiguration;
			buildSettings = {
				ASSETCATALOG_COMPILER_APPICON_NAME = AppIcon;
				INFOPLIST_FILE = "Saving in Directory exercise KDH/Info.plist";
				IPHONEOS_DEPLOYMENT_TARGET = 7.1;
				LD_RUNPATH_SEARCH_PATHS = "$(inherited) @executable_path/Frameworks";
				PRODUCT_NAME = "$(TARGET_NAME)";
			};
			name = Release;
		};
		088B7FC41A9EA2F500D9E1B5 /* Debug */ = {
			isa = XCBuildConfiguration;
			buildSettings = {
				BUNDLE_LOADER = "$(TEST_HOST)";
				FRAMEWORK_SEARCH_PATHS = (
					"$(SDKROOT)/Developer/Library/Frameworks",
					"$(inherited)",
				);
				GCC_PREPROCESSOR_DEFINITIONS = (
					"DEBUG=1",
					"$(inherited)",
				);
				INFOPLIST_FILE = "Saving in Directory exercise KDHTests/Info.plist";
				LD_RUNPATH_SEARCH_PATHS = "$(inherited) @executable_path/Frameworks @loader_path/Frameworks";
				PRODUCT_NAME = "$(TARGET_NAME)";
				TEST_HOST = "$(BUILT_PRODUCTS_DIR)/Saving in Directory exercise KDH.app/Saving in Directory exercise KDH";
			};
			name = Debug;
		};
		088B7FC51A9EA2F500D9E1B5 /* Release */ = {
			isa = XCBuildConfiguration;
			buildSettings = {
				BUNDLE_LOADER = "$(TEST_HOST)";
				FRAMEWORK_SEARCH_PATHS = (
					"$(SDKROOT)/Developer/Library/Frameworks",
					"$(inherited)",
				);
				INFOPLIST_FILE = "Saving in Directory exercise KDHTests/Info.plist";
				LD_RUNPATH_SEARCH_PATHS = "$(inherited) @executable_path/Frameworks @loader_path/Frameworks";
				PRODUCT_NAME = "$(TARGET_NAME)";
				TEST_HOST = "$(BUILT_PRODUCTS_DIR)/Saving in Directory exercise KDH.app/Saving in Directory exercise KDH";
			};
			name = Release;
		};
/* End XCBuildConfiguration section */

/* Begin XCConfigurationList section */
		088B7F9C1A9EA2F500D9E1B5 /* Build configuration list for PBXProject "Saving in Directory exercise KDH" */ = {
			isa = XCConfigurationList;
			buildConfigurations = (
				088B7FBE1A9EA2F500D9E1B5 /* Debug */,
				088B7FBF1A9EA2F500D9E1B5 /* Release */,
			);
			defaultConfigurationIsVisible = 0;
			defaultConfigurationName = Release;
		};
		088B7FC01A9EA2F500D9E1B5 /* Build configuration list for PBXNativeTarget "Saving in Directory exercise KDH" */ = {
			isa = XCConfigurationList;
			buildConfigurations = (
				088B7FC11A9EA2F500D9E1B5 /* Debug */,
				088B7FC21A9EA2F500D9E1B5 /* Release */,
			);
			defaultConfigurationIsVisible = 0;
		};
		088B7FC31A9EA2F500D9E1B5 /* Build configuration list for PBXNativeTarget "Saving in Directory exercise KDHTests" */ = {
			isa = XCConfigurationList;
			buildConfigurations = (
				088B7FC41A9EA2F500D9E1B5 /* Debug */,
				088B7FC51A9EA2F500D9E1B5 /* Release */,
			);
			defaultConfigurationIsVisible = 0;
		};
/* End XCConfigurationList section */
	};
	rootObject = 088B7F991A9EA2F500D9E1B5 /* Project object */;
}
