// !$*UTF8*$!
{
	archiveVersion = 1;
	classes = {
	};
	objectVersion = 46;
	objects = {

/* Begin PBXBuildFile section */
		081A6B731A770BC9009A3677 /* AppDelegate.swift in Sources */ = {isa = PBXBuildFile; fileRef = 081A6B721A770BC9009A3677 /* AppDelegate.swift */; };
		081A6B751A770BCA009A3677 /* ViewController.swift in Sources */ = {isa = PBXBuildFile; fileRef = 081A6B741A770BCA009A3677 /* ViewController.swift */; };
		081A6B781A770BCA009A3677 /* Main.storyboard in Resources */ = {isa = PBXBuildFile; fileRef = 081A6B761A770BCA009A3677 /* Main.storyboard */; };
		081A6B7A1A770BCB009A3677 /* Images.xcassets in Resources */ = {isa = PBXBuildFile; fileRef = 081A6B791A770BCB009A3677 /* Images.xcassets */; };
		081A6B7D1A770BCC009A3677 /* LaunchScreen.xib in Resources */ = {isa = PBXBuildFile; fileRef = 081A6B7B1A770BCC009A3677 /* LaunchScreen.xib */; };
		081A6B891A770BCC009A3677 /* Tables_views_and_scenes_KDHTests.swift in Sources */ = {isa = PBXBuildFile; fileRef = 081A6B881A770BCC009A3677 /* Tables_views_and_scenes_KDHTests.swift */; };
		081A6B971A771BEA009A3677 /* SecondViewController.swift in Sources */ = {isa = PBXBuildFile; fileRef = 081A6B961A771BEA009A3677 /* SecondViewController.swift */; };
		081A6B991A771C02009A3677 /* ThirdViewController.swift in Sources */ = {isa = PBXBuildFile; fileRef = 081A6B981A771C02009A3677 /* ThirdViewController.swift */; };
/* End PBXBuildFile section */

/* Begin PBXContainerItemProxy section */
		081A6B831A770BCC009A3677 /* PBXContainerItemProxy */ = {
			isa = PBXContainerItemProxy;
			containerPortal = 081A6B651A770BC8009A3677 /* Project object */;
			proxyType = 1;
			remoteGlobalIDString = 081A6B6C1A770BC9009A3677;
			remoteInfo = "Tables views and scenes_KDH";
		};
/* End PBXContainerItemProxy section */

/* Begin PBXFileReference section */
		081A6B6D1A770BC9009A3677 /* Tables views and scenes_KDH.app */ = {isa = PBXFileReference; explicitFileType = wrapper.application; includeInIndex = 0; path = "Tables views and scenes_KDH.app"; sourceTree = BUILT_PRODUCTS_DIR; };
		081A6B711A770BC9009A3677 /* Info.plist */ = {isa = PBXFileReference; lastKnownFileType = text.plist.xml; path = Info.plist; sourceTree = "<group>"; };
		081A6B721A770BC9009A3677 /* AppDelegate.swift */ = {isa = PBXFileReference; lastKnownFileType = sourcecode.swift; path = AppDelegate.swift; sourceTree = "<group>"; };
		081A6B741A770BCA009A3677 /* ViewController.swift */ = {isa = PBXFileReference; lastKnownFileType = sourcecode.swift; path = ViewController.swift; sourceTree = "<group>"; };
		081A6B771A770BCA009A3677 /* Base */ = {isa = PBXFileReference; lastKnownFileType = file.storyboard; name = Base; path = Base.lproj/Main.storyboard; sourceTree = "<group>"; };
		081A6B791A770BCB009A3677 /* Images.xcassets */ = {isa = PBXFileReference; lastKnownFileType = folder.assetcatalog; path = Images.xcassets; sourceTree = "<group>"; };
		081A6B7C1A770BCC009A3677 /* Base */ = {isa = PBXFileReference; lastKnownFileType = file.xib; name = Base; path = Base.lproj/LaunchScreen.xib; sourceTree = "<group>"; };
		081A6B821A770BCC009A3677 /* Tables views and scenes_KDHTests.xctest */ = {isa = PBXFileReference; explicitFileType = wrapper.cfbundle; includeInIndex = 0; path = "Tables views and scenes_KDHTests.xctest"; sourceTree = BUILT_PRODUCTS_DIR; };
		081A6B871A770BCC009A3677 /* Info.plist */ = {isa = PBXFileReference; lastKnownFileType = text.plist.xml; path = Info.plist; sourceTree = "<group>"; };
		081A6B881A770BCC009A3677 /* Tables_views_and_scenes_KDHTests.swift */ = {isa = PBXFileReference; lastKnownFileType = sourcecode.swift; path = Tables_views_and_scenes_KDHTests.swift; sourceTree = "<group>"; };
		081A6B961A771BEA009A3677 /* SecondViewController.swift */ = {isa = PBXFileReference; fileEncoding = 4; lastKnownFileType = sourcecode.swift; name = SecondViewController.swift; path = ../../SecondViewController.swift; sourceTree = "<group>"; };
		081A6B981A771C02009A3677 /* ThirdViewController.swift */ = {isa = PBXFileReference; fileEncoding = 4; lastKnownFileType = sourcecode.swift; name = ThirdViewController.swift; path = ../../ThirdViewController.swift; sourceTree = "<group>"; };
/* End PBXFileReference section */

/* Begin PBXFrameworksBuildPhase section */
		081A6B6A1A770BC9009A3677 /* Frameworks */ = {
			isa = PBXFrameworksBuildPhase;
			buildActionMask = 2147483647;
			files = (
			);
			runOnlyForDeploymentPostprocessing = 0;
		};
		081A6B7F1A770BCC009A3677 /* Frameworks */ = {
			isa = PBXFrameworksBuildPhase;
			buildActionMask = 2147483647;
			files = (
			);
			runOnlyForDeploymentPostprocessing = 0;
		};
/* End PBXFrameworksBuildPhase section */

/* Begin PBXGroup section */
		081A6B641A770BC8009A3677 = {
			isa = PBXGroup;
			children = (
				081A6B6F1A770BC9009A3677 /* Tables views and scenes_KDH */,
				081A6B851A770BCC009A3677 /* Tables views and scenes_KDHTests */,
				081A6B6E1A770BC9009A3677 /* Products */,
			);
			sourceTree = "<group>";
		};
		081A6B6E1A770BC9009A3677 /* Products */ = {
			isa = PBXGroup;
			children = (
				081A6B6D1A770BC9009A3677 /* Tables views and scenes_KDH.app */,
				081A6B821A770BCC009A3677 /* Tables views and scenes_KDHTests.xctest */,
			);
			name = Products;
			sourceTree = "<group>";
		};
		081A6B6F1A770BC9009A3677 /* Tables views and scenes_KDH */ = {
			isa = PBXGroup;
			children = (
				081A6B721A770BC9009A3677 /* AppDelegate.swift */,
				081A6B741A770BCA009A3677 /* ViewController.swift */,
				081A6B761A770BCA009A3677 /* Main.storyboard */,
				081A6B791A770BCB009A3677 /* Images.xcassets */,
				081A6B7B1A770BCC009A3677 /* LaunchScreen.xib */,
				081A6B701A770BC9009A3677 /* Supporting Files */,
				081A6B961A771BEA009A3677 /* SecondViewController.swift */,
				081A6B981A771C02009A3677 /* ThirdViewController.swift */,
			);
			path = "Tables views and scenes_KDH";
			sourceTree = "<group>";
		};
		081A6B701A770BC9009A3677 /* Supporting Files */ = {
			isa = PBXGroup;
			children = (
				081A6B711A770BC9009A3677 /* Info.plist */,
			);
			name = "Supporting Files";
			sourceTree = "<group>";
		};
		081A6B851A770BCC009A3677 /* Tables views and scenes_KDHTests */ = {
			isa = PBXGroup;
			children = (
				081A6B881A770BCC009A3677 /* Tables_views_and_scenes_KDHTests.swift */,
				081A6B861A770BCC009A3677 /* Supporting Files */,
			);
			path = "Tables views and scenes_KDHTests";
			sourceTree = "<group>";
		};
		081A6B861A770BCC009A3677 /* Supporting Files */ = {
			isa = PBXGroup;
			children = (
				081A6B871A770BCC009A3677 /* Info.plist */,
			);
			name = "Supporting Files";
			sourceTree = "<group>";
		};
/* End PBXGroup section */

/* Begin PBXNativeTarget section */
		081A6B6C1A770BC9009A3677 /* Tables views and scenes_KDH */ = {
			isa = PBXNativeTarget;
			buildConfigurationList = 081A6B8C1A770BCC009A3677 /* Build configuration list for PBXNativeTarget "Tables views and scenes_KDH" */;
			buildPhases = (
				081A6B691A770BC9009A3677 /* Sources */,
				081A6B6A1A770BC9009A3677 /* Frameworks */,
				081A6B6B1A770BC9009A3677 /* Resources */,
			);
			buildRules = (
			);
			dependencies = (
			);
			name = "Tables views and scenes_KDH";
			productName = "Tables views and scenes_KDH";
			productReference = 081A6B6D1A770BC9009A3677 /* Tables views and scenes_KDH.app */;
			productType = "com.apple.product-type.application";
		};
		081A6B811A770BCC009A3677 /* Tables views and scenes_KDHTests */ = {
			isa = PBXNativeTarget;
			buildConfigurationList = 081A6B8F1A770BCC009A3677 /* Build configuration list for PBXNativeTarget "Tables views and scenes_KDHTests" */;
			buildPhases = (
				081A6B7E1A770BCC009A3677 /* Sources */,
				081A6B7F1A770BCC009A3677 /* Frameworks */,
				081A6B801A770BCC009A3677 /* Resources */,
			);
			buildRules = (
			);
			dependencies = (
				081A6B841A770BCC009A3677 /* PBXTargetDependency */,
			);
			name = "Tables views and scenes_KDHTests";
			productName = "Tables views and scenes_KDHTests";
			productReference = 081A6B821A770BCC009A3677 /* Tables views and scenes_KDHTests.xctest */;
			productType = "com.apple.product-type.bundle.unit-test";
		};
/* End PBXNativeTarget section */

/* Begin PBXProject section */
		081A6B651A770BC8009A3677 /* Project object */ = {
			isa = PBXProject;
			attributes = {
				LastUpgradeCheck = 0610;
				ORGANIZATIONNAME = "Kathryn Hill";
				TargetAttributes = {
					081A6B6C1A770BC9009A3677 = {
						CreatedOnToolsVersion = 6.1.1;
					};
					081A6B811A770BCC009A3677 = {
						CreatedOnToolsVersion = 6.1.1;
						TestTargetID = 081A6B6C1A770BC9009A3677;
					};
				};
			};
			buildConfigurationList = 081A6B681A770BC8009A3677 /* Build configuration list for PBXProject "Tables views and scenes_KDH" */;
			compatibilityVersion = "Xcode 3.2";
			developmentRegion = English;
			hasScannedForEncodings = 0;
			knownRegions = (
				en,
				Base,
			);
			mainGroup = 081A6B641A770BC8009A3677;
			productRefGroup = 081A6B6E1A770BC9009A3677 /* Products */;
			projectDirPath = "";
			projectRoot = "";
			targets = (
				081A6B6C1A770BC9009A3677 /* Tables views and scenes_KDH */,
				081A6B811A770BCC009A3677 /* Tables views and scenes_KDHTests */,
			);
		};
/* End PBXProject section */

/* Begin PBXResourcesBuildPhase section */
		081A6B6B1A770BC9009A3677 /* Resources */ = {
			isa = PBXResourcesBuildPhase;
			buildActionMask = 2147483647;
			files = (
				081A6B781A770BCA009A3677 /* Main.storyboard in Resources */,
				081A6B7D1A770BCC009A3677 /* LaunchScreen.xib in Resources */,
				081A6B7A1A770BCB009A3677 /* Images.xcassets in Resources */,
			);
			runOnlyForDeploymentPostprocessing = 0;
		};
		081A6B801A770BCC009A3677 /* Resources */ = {
			isa = PBXResourcesBuildPhase;
			buildActionMask = 2147483647;
			files = (
			);
			runOnlyForDeploymentPostprocessing = 0;
		};
/* End PBXResourcesBuildPhase section */

/* Begin PBXSourcesBuildPhase section */
		081A6B691A770BC9009A3677 /* Sources */ = {
			isa = PBXSourcesBuildPhase;
			buildActionMask = 2147483647;
			files = (
				081A6B971A771BEA009A3677 /* SecondViewController.swift in Sources */,
				081A6B751A770BCA009A3677 /* ViewController.swift in Sources */,
				081A6B991A771C02009A3677 /* ThirdViewController.swift in Sources */,
				081A6B731A770BC9009A3677 /* AppDelegate.swift in Sources */,
			);
			runOnlyForDeploymentPostprocessing = 0;
		};
		081A6B7E1A770BCC009A3677 /* Sources */ = {
			isa = PBXSourcesBuildPhase;
			buildActionMask = 2147483647;
			files = (
				081A6B891A770BCC009A3677 /* Tables_views_and_scenes_KDHTests.swift in Sources */,
			);
			runOnlyForDeploymentPostprocessing = 0;
		};
/* End PBXSourcesBuildPhase section */

/* Begin PBXTargetDependency section */
		081A6B841A770BCC009A3677 /* PBXTargetDependency */ = {
			isa = PBXTargetDependency;
			target = 081A6B6C1A770BC9009A3677 /* Tables views and scenes_KDH */;
			targetProxy = 081A6B831A770BCC009A3677 /* PBXContainerItemProxy */;
		};
/* End PBXTargetDependency section */

/* Begin PBXVariantGroup section */
		081A6B761A770BCA009A3677 /* Main.storyboard */ = {
			isa = PBXVariantGroup;
			children = (
				081A6B771A770BCA009A3677 /* Base */,
			);
			name = Main.storyboard;
			sourceTree = "<group>";
		};
		081A6B7B1A770BCC009A3677 /* LaunchScreen.xib */ = {
			isa = PBXVariantGroup;
			children = (
				081A6B7C1A770BCC009A3677 /* Base */,
			);
			name = LaunchScreen.xib;
			sourceTree = "<group>";
		};
/* End PBXVariantGroup section */

/* Begin XCBuildConfiguration section */
		081A6B8A1A770BCC009A3677 /* Debug */ = {
			isa = XCBuildConfiguration;
			buildSettings = {
				ALWAYS_SEARCH_USER_PATHS = NO;
				CLANG_CXX_LANGUAGE_STANDARD = "gnu++0x";
				CLANG_CXX_LIBRARY = "libc++";
				CLANG_ENABLE_MODULES = YES;
				CLANG_ENABLE_OBJC_ARC = YES;
				CLANG_WARN_BOOL_CONVERSION = YES;
				CLANG_WARN_CONSTANT_CONVERSION = YES;
				CLANG_WARN_DIRECT_OBJC_ISA_USAGE = YES_ERROR;
				CLANG_WARN_EMPTY_BODY = YES;
				CLANG_WARN_ENUM_CONVERSION = YES;
				CLANG_WARN_INT_CONVERSION = YES;
				CLANG_WARN_OBJC_ROOT_CLASS = YES_ERROR;
				CLANG_WARN_UNREACHABLE_CODE = YES;
				CLANG_WARN__DUPLICATE_METHOD_MATCH = YES;
				"CODE_SIGN_IDENTITY[sdk=iphoneos*]" = "iPhone Developer";
				COPY_PHASE_STRIP = NO;
				ENABLE_STRICT_OBJC_MSGSEND = YES;
				GCC_C_LANGUAGE_STANDARD = gnu99;
				GCC_DYNAMIC_NO_PIC = NO;
				GCC_OPTIMIZATION_LEVEL = 0;
				GCC_PREPROCESSOR_DEFINITIONS = (
					"DEBUG=1",
					"$(inherited)",
				);
				GCC_SYMBOLS_PRIVATE_EXTERN = NO;
				GCC_WARN_64_TO_32_BIT_CONVERSION = YES;
				GCC_WARN_ABOUT_RETURN_TYPE = YES_ERROR;
				GCC_WARN_UNDECLARED_SELECTOR = YES;
				GCC_WARN_UNINITIALIZED_AUTOS = YES_AGGRESSIVE;
				GCC_WARN_UNUSED_FUNCTION = YES;
				GCC_WARN_UNUSED_VARIABLE = YES;
				IPHONEOS_DEPLOYMENT_TARGET = 8.1;
				MTL_ENABLE_DEBUG_INFO = YES;
				ONLY_ACTIVE_ARCH = YES;
				SDKROOT = iphoneos;
				SWIFT_OPTIMIZATION_LEVEL = "-Onone";
			};
			name = Debug;
		};
		081A6B8B1A770BCC009A3677 /* Release */ = {
			isa = XCBuildConfiguration;
			buildSettings = {
				ALWAYS_SEARCH_USER_PATHS = NO;
				CLANG_CXX_LANGUAGE_STANDARD = "gnu++0x";
				CLANG_CXX_LIBRARY = "libc++";
				CLANG_ENABLE_MODULES = YES;
				CLANG_ENABLE_OBJC_ARC = YES;
				CLANG_WARN_BOOL_CONVERSION = YES;
				CLANG_WARN_CONSTANT_CONVERSION = YES;
				CLANG_WARN_DIRECT_OBJC_ISA_USAGE = YES_ERROR;
				CLANG_WARN_EMPTY_BODY = YES;
				CLANG_WARN_ENUM_CONVERSION = YES;
				CLANG_WARN_INT_CONVERSION = YES;
				CLANG_WARN_OBJC_ROOT_CLASS = YES_ERROR;
				CLANG_WARN_UNREACHABLE_CODE = YES;
				CLANG_WARN__DUPLICATE_METHOD_MATCH = YES;
				"CODE_SIGN_IDENTITY[sdk=iphoneos*]" = "iPhone Developer";
				COPY_PHASE_STRIP = YES;
				ENABLE_NS_ASSERTIONS = NO;
				ENABLE_STRICT_OBJC_MSGSEND = YES;
				GCC_C_LANGUAGE_STANDARD = gnu99;
				GCC_WARN_64_TO_32_BIT_CONVERSION = YES;
				GCC_WARN_ABOUT_RETURN_TYPE = YES_ERROR;
				GCC_WARN_UNDECLARED_SELECTOR = YES;
				GCC_WARN_UNINITIALIZED_AUTOS = YES_AGGRESSIVE;
				GCC_WARN_UNUSED_FUNCTION = YES;
				GCC_WARN_UNUSED_VARIABLE = YES;
				IPHONEOS_DEPLOYMENT_TARGET = 8.1;
				MTL_ENABLE_DEBUG_INFO = NO;
				SDKROOT = iphoneos;
				VALIDATE_PRODUCT = YES;
			};
			name = Release;
		};
		081A6B8D1A770BCC009A3677 /* Debug */ = {
			isa = XCBuildConfiguration;
			buildSettings = {
				ASSETCATALOG_COMPILER_APPICON_NAME = AppIcon;
				INFOPLIST_FILE = "Tables views and scenes_KDH/Info.plist";
				LD_RUNPATH_SEARCH_PATHS = "$(inherited) @executable_path/Frameworks";
				PRODUCT_NAME = "$(TARGET_NAME)";
			};
			name = Debug;
		};
		081A6B8E1A770BCC009A3677 /* Release */ = {
			isa = XCBuildConfiguration;
			buildSettings = {
				ASSETCATALOG_COMPILER_APPICON_NAME = AppIcon;
				INFOPLIST_FILE = "Tables views and scenes_KDH/Info.plist";
				LD_RUNPATH_SEARCH_PATHS = "$(inherited) @executable_path/Frameworks";
				PRODUCT_NAME = "$(TARGET_NAME)";
			};
			name = Release;
		};
		081A6B901A770BCC009A3677 /* Debug */ = {
			isa = XCBuildConfiguration;
			buildSettings = {
				BUNDLE_LOADER = "$(TEST_HOST)";
				FRAMEWORK_SEARCH_PATHS = (
					"$(SDKROOT)/Developer/Library/Frameworks",
					"$(inherited)",
				);
				GCC_PREPROCESSOR_DEFINITIONS = (
					"DEBUG=1",
					"$(inherited)",
				);
				INFOPLIST_FILE = "Tables views and scenes_KDHTests/Info.plist";
				LD_RUNPATH_SEARCH_PATHS = "$(inherited) @executable_path/Frameworks @loader_path/Frameworks";
				PRODUCT_NAME = "$(TARGET_NAME)";
				TEST_HOST = "$(BUILT_PRODUCTS_DIR)/Tables views and scenes_KDH.app/Tables views and scenes_KDH";
			};
			name = Debug;
		};
		081A6B911A770BCC009A3677 /* Release */ = {
			isa = XCBuildConfiguration;
			buildSettings = {
				BUNDLE_LOADER = "$(TEST_HOST)";
				FRAMEWORK_SEARCH_PATHS = (
					"$(SDKROOT)/Developer/Library/Frameworks",
					"$(inherited)",
				);
				INFOPLIST_FILE = "Tables views and scenes_KDHTests/Info.plist";
				LD_RUNPATH_SEARCH_PATHS = "$(inherited) @executable_path/Frameworks @loader_path/Frameworks";
				PRODUCT_NAME = "$(TARGET_NAME)";
				TEST_HOST = "$(BUILT_PRODUCTS_DIR)/Tables views and scenes_KDH.app/Tables views and scenes_KDH";
			};
			name = Release;
		};
/* End XCBuildConfiguration section */

/* Begin XCConfigurationList section */
		081A6B681A770BC8009A3677 /* Build configuration list for PBXProject "Tables views and scenes_KDH" */ = {
			isa = XCConfigurationList;
			buildConfigurations = (
				081A6B8A1A770BCC009A3677 /* Debug */,
				081A6B8B1A770BCC009A3677 /* Release */,
			);
			defaultConfigurationIsVisible = 0;
			defaultConfigurationName = Release;
		};
		081A6B8C1A770BCC009A3677 /* Build configuration list for PBXNativeTarget "Tables views and scenes_KDH" */ = {
			isa = XCConfigurationList;
			buildConfigurations = (
				081A6B8D1A770BCC009A3677 /* Debug */,
				081A6B8E1A770BCC009A3677 /* Release */,
			);
			defaultConfigurationIsVisible = 0;
		};
		081A6B8F1A770BCC009A3677 /* Build configuration list for PBXNativeTarget "Tables views and scenes_KDHTests" */ = {
			isa = XCConfigurationList;
			buildConfigurations = (
				081A6B901A770BCC009A3677 /* Debug */,
				081A6B911A770BCC009A3677 /* Release */,
			);
			defaultConfigurationIsVisible = 0;
		};
/* End XCConfigurationList section */
	};
	rootObject = 081A6B651A770BC8009A3677 /* Project object */;
}
