// !$*UTF8*$!
{
	archiveVersion = 1;
	classes = {
	};
	objectVersion = 46;
	objects = {

/* Begin PBXBuildFile section */
		0873FBF01ABE436700867FEC /* existingVC3.swift in Sources */ = {isa = PBXBuildFile; fileRef = 0873FBEF1ABE436700867FEC /* existingVC3.swift */; };
		0873FBFC1ABF55F200867FEC /* MapVC.swift in Sources */ = {isa = PBXBuildFile; fileRef = 0873FBFB1ABF55F200867FEC /* MapVC.swift */; };
		0873FBFE1ABF584B00867FEC /* MapKit.framework in Frameworks */ = {isa = PBXBuildFile; fileRef = 0873FBFD1ABF584B00867FEC /* MapKit.framework */; };
		0873FC001ABF585900867FEC /* CoreLocation.framework in Frameworks */ = {isa = PBXBuildFile; fileRef = 0873FBFF1ABF585900867FEC /* CoreLocation.framework */; };
		0873FC041ABF95D200867FEC /* capital one logo.jpg in Resources */ = {isa = PBXBuildFile; fileRef = 0873FC031ABF95D200867FEC /* capital one logo.jpg */; };
		0873FC061ABF962500867FEC /* directoryVC.swift in Sources */ = {isa = PBXBuildFile; fileRef = 0873FC051ABF962500867FEC /* directoryVC.swift */; };
		0873FC081ABFA12600867FEC /* cube image.jpg in Resources */ = {isa = PBXBuildFile; fileRef = 0873FC071ABFA12600867FEC /* cube image.jpg */; };
		08C60A631AABDAD8001A09AC /* AppDelegate.swift in Sources */ = {isa = PBXBuildFile; fileRef = 08C60A621AABDAD8001A09AC /* AppDelegate.swift */; };
		08C60A651AABDAD8001A09AC /* LoginViewController.swift in Sources */ = {isa = PBXBuildFile; fileRef = 08C60A641AABDAD8001A09AC /* LoginViewController.swift */; };
		08C60A681AABDAD8001A09AC /* Main.storyboard in Resources */ = {isa = PBXBuildFile; fileRef = 08C60A661AABDAD8001A09AC /* Main.storyboard */; };
		08C60A6A1AABDAD8001A09AC /* Images.xcassets in Resources */ = {isa = PBXBuildFile; fileRef = 08C60A691AABDAD8001A09AC /* Images.xcassets */; };
		08C60A6D1AABDAD8001A09AC /* LaunchScreen.xib in Resources */ = {isa = PBXBuildFile; fileRef = 08C60A6B1AABDAD8001A09AC /* LaunchScreen.xib */; };
		08C60A791AABDAD8001A09AC /* FINAL_App_KDHTests.swift in Sources */ = {isa = PBXBuildFile; fileRef = 08C60A781AABDAD8001A09AC /* FINAL_App_KDHTests.swift */; };
		08C60B0B1AB4A7B5001A09AC /* newUserVC.swift in Sources */ = {isa = PBXBuildFile; fileRef = 08C60B0A1AB4A7B5001A09AC /* newUserVC.swift */; };
		08C60B0D1AB4AB6E001A09AC /* existingCardVC.swift in Sources */ = {isa = PBXBuildFile; fileRef = 08C60B0C1AB4AB6E001A09AC /* existingCardVC.swift */; };
		08C60B421AB4B300001A09AC /* sample-01-refresh.png in Resources */ = {isa = PBXBuildFile; fileRef = 08C60B101AB4B300001A09AC /* sample-01-refresh.png */; };
		08C60B431AB4B300001A09AC /* sample-02-redo.png in Resources */ = {isa = PBXBuildFile; fileRef = 08C60B111AB4B300001A09AC /* sample-02-redo.png */; };
		08C60B441AB4B300001A09AC /* sample-03-loopback.png in Resources */ = {isa = PBXBuildFile; fileRef = 08C60B121AB4B300001A09AC /* sample-03-loopback.png */; };
		08C60B451AB4B300001A09AC /* sample-04-squiggle.png in Resources */ = {isa = PBXBuildFile; fileRef = 08C60B131AB4B300001A09AC /* sample-04-squiggle.png */; };
		08C60B461AB4B300001A09AC /* sample-05-shuffle.png in Resources */ = {isa = PBXBuildFile; fileRef = 08C60B141AB4B300001A09AC /* sample-05-shuffle.png */; };
		08C60B471AB4B300001A09AC /* sample-1004-voicemail@2x.png in Resources */ = {isa = PBXBuildFile; fileRef = 08C60B151AB4B300001A09AC /* sample-1004-voicemail@2x.png */; };
		08C60B481AB4B300001A09AC /* sample-1012-sticky-note@2x.png in Resources */ = {isa = PBXBuildFile; fileRef = 08C60B161AB4B300001A09AC /* sample-1012-sticky-note@2x.png */; };
		08C60B491AB4B300001A09AC /* sample-1013-hammer@2x.png in Resources */ = {isa = PBXBuildFile; fileRef = 08C60B171AB4B300001A09AC /* sample-1013-hammer@2x.png */; };
		08C60B4A1AB4B300001A09AC /* sample-1040-checkmark@2x.png in Resources */ = {isa = PBXBuildFile; fileRef = 08C60B181AB4B300001A09AC /* sample-1040-checkmark@2x.png */; };
		08C60B4B1AB4B300001A09AC /* sample-1049-at-sign@2x.png in Resources */ = {isa = PBXBuildFile; fileRef = 08C60B191AB4B300001A09AC /* sample-1049-at-sign@2x.png */; };
		08C60B4C1AB4B300001A09AC /* sample-1055-ticket@2x.png in Resources */ = {isa = PBXBuildFile; fileRef = 08C60B1A1AB4B300001A09AC /* sample-1055-ticket@2x.png */; };
		08C60B4D1AB4B300001A09AC /* sample-1067-enter-fullscreen@2x.png in Resources */ = {isa = PBXBuildFile; fileRef = 08C60B1B1AB4B300001A09AC /* sample-1067-enter-fullscreen@2x.png */; };
		08C60B4E1AB4B300001A09AC /* sample-1079-fork-path@2x.png in Resources */ = {isa = PBXBuildFile; fileRef = 08C60B1C1AB4B300001A09AC /* sample-1079-fork-path@2x.png */; };
		08C60B4F1AB4B300001A09AC /* sample-1082-merge@2x.png in Resources */ = {isa = PBXBuildFile; fileRef = 08C60B1D1AB4B300001A09AC /* sample-1082-merge@2x.png */; };
		08C60B501AB4B300001A09AC /* sample-1093-lightning-bolt-2@2x.png in Resources */ = {isa = PBXBuildFile; fileRef = 08C60B1E1AB4B300001A09AC /* sample-1093-lightning-bolt-2@2x.png */; };
		08C60B511AB4B300001A09AC /* sample-1111-flick-left@2x.png in Resources */ = {isa = PBXBuildFile; fileRef = 08C60B1F1AB4B300001A09AC /* sample-1111-flick-left@2x.png */; };
		08C60B521AB4B300001A09AC /* sample-1116-slayer-hand@2x.png in Resources */ = {isa = PBXBuildFile; fileRef = 08C60B201AB4B300001A09AC /* sample-1116-slayer-hand@2x.png */; };
		08C60B531AB4B300001A09AC /* sample-1144-baseball-helmet@2x.png in Resources */ = {isa = PBXBuildFile; fileRef = 08C60B211AB4B300001A09AC /* sample-1144-baseball-helmet@2x.png */; };
		08C60B541AB4B300001A09AC /* sample-1189-snake@2x.png in Resources */ = {isa = PBXBuildFile; fileRef = 08C60B221AB4B300001A09AC /* sample-1189-snake@2x.png */; };
		08C60B551AB4B300001A09AC /* sample-1240-group-error@2x.png in Resources */ = {isa = PBXBuildFile; fileRef = 08C60B231AB4B300001A09AC /* sample-1240-group-error@2x.png */; };
		08C60B561AB4B300001A09AC /* sample-302-swords.png in Resources */ = {isa = PBXBuildFile; fileRef = 08C60B241AB4B300001A09AC /* sample-302-swords.png */; };
		08C60B571AB4B300001A09AC /* sample-305-palm-tree.png in Resources */ = {isa = PBXBuildFile; fileRef = 08C60B251AB4B300001A09AC /* sample-305-palm-tree.png */; };
		08C60B581AB4B300001A09AC /* sample-307-atom.png in Resources */ = {isa = PBXBuildFile; fileRef = 08C60B261AB4B300001A09AC /* sample-307-atom.png */; };
		08C60B591AB4B300001A09AC /* sample-316-truck.png in Resources */ = {isa = PBXBuildFile; fileRef = 08C60B271AB4B300001A09AC /* sample-316-truck.png */; };
		08C60B5A1AB4B300001A09AC /* sample-321-like.png in Resources */ = {isa = PBXBuildFile; fileRef = 08C60B281AB4B300001A09AC /* sample-321-like.png */; };
		08C60B5B1AB4B300001A09AC /* sample-335-magic-wand.png in Resources */ = {isa = PBXBuildFile; fileRef = 08C60B291AB4B300001A09AC /* sample-335-magic-wand.png */; };
		08C60B5C1AB4B300001A09AC /* sample-379-barbell.png in Resources */ = {isa = PBXBuildFile; fileRef = 08C60B2A1AB4B300001A09AC /* sample-379-barbell.png */; };
		08C60B5D1AB4B300001A09AC /* sample-394-bank.png in Resources */ = {isa = PBXBuildFile; fileRef = 08C60B2B1AB4B300001A09AC /* sample-394-bank.png */; };
		08C60B5E1AB4B300001A09AC /* sample-401-globe.png in Resources */ = {isa = PBXBuildFile; fileRef = 08C60B2C1AB4B300001A09AC /* sample-401-globe.png */; };
		08C60B5F1AB4B300001A09AC /* sample-405-test-tube.png in Resources */ = {isa = PBXBuildFile; fileRef = 08C60B2D1AB4B300001A09AC /* sample-405-test-tube.png */; };
		08C60B601AB4B300001A09AC /* sample-504-doghouse.png in Resources */ = {isa = PBXBuildFile; fileRef = 08C60B2E1AB4B300001A09AC /* sample-504-doghouse.png */; };
		08C60B611AB4B300001A09AC /* sample-518-filter.png in Resources */ = {isa = PBXBuildFile; fileRef = 08C60B2F1AB4B300001A09AC /* sample-518-filter.png */; };
		08C60B621AB4B300001A09AC /* sample-552-flag-1.png in Resources */ = {isa = PBXBuildFile; fileRef = 08C60B301AB4B300001A09AC /* sample-552-flag-1.png */; };
		08C60B631AB4B300001A09AC /* sample-583-broadcast.png in Resources */ = {isa = PBXBuildFile; fileRef = 08C60B311AB4B300001A09AC /* sample-583-broadcast.png */; };
		08C60B641AB4B300001A09AC /* sample-603-anchor.png in Resources */ = {isa = PBXBuildFile; fileRef = 08C60B321AB4B300001A09AC /* sample-603-anchor.png */; };
		08C60B651AB4B300001A09AC /* sample-776-recycle@2x.png in Resources */ = {isa = PBXBuildFile; fileRef = 08C60B331AB4B300001A09AC /* sample-776-recycle@2x.png */; };
		08C60B661AB4B300001A09AC /* sample-820-bathtub@2x.png in Resources */ = {isa = PBXBuildFile; fileRef = 08C60B341AB4B300001A09AC /* sample-820-bathtub@2x.png */; };
		08C60B671AB4B300001A09AC /* sample-821-stamp@2x.png in Resources */ = {isa = PBXBuildFile; fileRef = 08C60B351AB4B300001A09AC /* sample-821-stamp@2x.png */; };
		08C60B681AB4B300001A09AC /* sample-834-bolt@2x.png in Resources */ = {isa = PBXBuildFile; fileRef = 08C60B361AB4B300001A09AC /* sample-834-bolt@2x.png */; };
		08C60B691AB4B300001A09AC /* sample-844-trumpet@2x.png in Resources */ = {isa = PBXBuildFile; fileRef = 08C60B371AB4B300001A09AC /* sample-844-trumpet@2x.png */; };
		08C60B6A1AB4B300001A09AC /* sample-853-fence@2x.png in Resources */ = {isa = PBXBuildFile; fileRef = 08C60B381AB4B300001A09AC /* sample-853-fence@2x.png */; };
		08C60B6B1AB4B300001A09AC /* sample-855-door@2x.png in Resources */ = {isa = PBXBuildFile; fileRef = 08C60B391AB4B300001A09AC /* sample-855-door@2x.png */; };
		08C60B6C1AB4B300001A09AC /* sample-881-globe@2x.png in Resources */ = {isa = PBXBuildFile; fileRef = 08C60B3A1AB4B300001A09AC /* sample-881-globe@2x.png */; };
		08C60B6D1AB4B300001A09AC /* sample-886-ice-cream-cone@2x.png in Resources */ = {isa = PBXBuildFile; fileRef = 08C60B3B1AB4B300001A09AC /* sample-886-ice-cream-cone@2x.png */; };
		08C60B6E1AB4B300001A09AC /* sample-894-t-shirt@2x.png in Resources */ = {isa = PBXBuildFile; fileRef = 08C60B3C1AB4B300001A09AC /* sample-894-t-shirt@2x.png */; };
		08C60B6F1AB4B300001A09AC /* sample-908-target@2x.png in Resources */ = {isa = PBXBuildFile; fileRef = 08C60B3D1AB4B300001A09AC /* sample-908-target@2x.png */; };
		08C60B701AB4B300001A09AC /* sample-920-handbag@2x.png in Resources */ = {isa = PBXBuildFile; fileRef = 08C60B3E1AB4B300001A09AC /* sample-920-handbag@2x.png */; };
		08C60B711AB4B300001A09AC /* sample-935-power-socket@2x.png in Resources */ = {isa = PBXBuildFile; fileRef = 08C60B3F1AB4B300001A09AC /* sample-935-power-socket@2x.png */; };
		08C60B721AB4B300001A09AC /* sample-976-bow-and-arrow@2x.png in Resources */ = {isa = PBXBuildFile; fileRef = 08C60B401AB4B300001A09AC /* sample-976-bow-and-arrow@2x.png */; };
		08C60B731AB4B300001A09AC /* sample-986-ghost@2x.png in Resources */ = {isa = PBXBuildFile; fileRef = 08C60B411AB4B300001A09AC /* sample-986-ghost@2x.png */; };
		08C60B751AB4C9BB001A09AC /* completeCardVC.swift in Sources */ = {isa = PBXBuildFile; fileRef = 08C60B741AB4C9BB001A09AC /* completeCardVC.swift */; };
		08D90A241ABE15F700E39DF8 /* The DeVere Group_logo_OCT2014.png in Resources */ = {isa = PBXBuildFile; fileRef = 08D90A231ABE15F700E39DF8 /* The DeVere Group_logo_OCT2014.png */; };
		08D90A261ABE1D3400E39DF8 /* 1776 image.jpg in Resources */ = {isa = PBXBuildFile; fileRef = 08D90A251ABE1D3400E39DF8 /* 1776 image.jpg */; };
		08D90A281ABE1EE300E39DF8 /* existingVC2.swift in Sources */ = {isa = PBXBuildFile; fileRef = 08D90A271ABE1EE300E39DF8 /* existingVC2.swift */; };
/* End PBXBuildFile section */

/* Begin PBXContainerItemProxy section */
		08C60A731AABDAD8001A09AC /* PBXContainerItemProxy */ = {
			isa = PBXContainerItemProxy;
			containerPortal = 08C60A551AABDAD8001A09AC /* Project object */;
			proxyType = 1;
			remoteGlobalIDString = 08C60A5C1AABDAD8001A09AC;
			remoteInfo = "FINAL App KDH";
		};
/* End PBXContainerItemProxy section */

/* Begin PBXFileReference section */
		0873FBEF1ABE436700867FEC /* existingVC3.swift */ = {isa = PBXFileReference; fileEncoding = 4; lastKnownFileType = sourcecode.swift; path = existingVC3.swift; sourceTree = "<group>"; };
		0873FBF11ABE4B7D00867FEC /* ar */ = {isa = PBXFileReference; lastKnownFileType = text.plist.strings; name = ar; path = ar.lproj/Main.strings; sourceTree = "<group>"; };
		0873FBF21ABE4B7D00867FEC /* ar */ = {isa = PBXFileReference; lastKnownFileType = text.plist.strings; name = ar; path = ar.lproj/LaunchScreen.strings; sourceTree = "<group>"; };
		0873FBF31ABE4B9C00867FEC /* es */ = {isa = PBXFileReference; lastKnownFileType = text.plist.strings; name = es; path = es.lproj/Main.strings; sourceTree = "<group>"; };
		0873FBF41ABE4B9D00867FEC /* es */ = {isa = PBXFileReference; lastKnownFileType = text.plist.strings; name = es; path = es.lproj/LaunchScreen.strings; sourceTree = "<group>"; };
		0873FBF51ABE4BA200867FEC /* fr */ = {isa = PBXFileReference; lastKnownFileType = text.plist.strings; name = fr; path = fr.lproj/Main.strings; sourceTree = "<group>"; };
		0873FBF61ABE4BA200867FEC /* fr */ = {isa = PBXFileReference; lastKnownFileType = text.plist.strings; name = fr; path = fr.lproj/LaunchScreen.strings; sourceTree = "<group>"; };
		0873FBF71ABE4BC400867FEC /* de */ = {isa = PBXFileReference; lastKnownFileType = text.plist.strings; name = de; path = de.lproj/Main.strings; sourceTree = "<group>"; };
		0873FBF81ABE4BC400867FEC /* de */ = {isa = PBXFileReference; lastKnownFileType = text.plist.strings; name = de; path = de.lproj/LaunchScreen.strings; sourceTree = "<group>"; };
		0873FBFA1ABE4CB500867FEC /* en */ = {isa = PBXFileReference; lastKnownFileType = text.plist.strings; name = en; path = en.lproj/LaunchScreen.strings; sourceTree = "<group>"; };
		0873FBFB1ABF55F200867FEC /* MapVC.swift */ = {isa = PBXFileReference; fileEncoding = 4; lastKnownFileType = sourcecode.swift; path = MapVC.swift; sourceTree = "<group>"; };
		0873FBFD1ABF584B00867FEC /* MapKit.framework */ = {isa = PBXFileReference; lastKnownFileType = wrapper.framework; name = MapKit.framework; path = System/Library/Frameworks/MapKit.framework; sourceTree = SDKROOT; };
		0873FBFF1ABF585900867FEC /* CoreLocation.framework */ = {isa = PBXFileReference; lastKnownFileType = wrapper.framework; name = CoreLocation.framework; path = System/Library/Frameworks/CoreLocation.framework; sourceTree = SDKROOT; };
		0873FC031ABF95D200867FEC /* capital one logo.jpg */ = {isa = PBXFileReference; lastKnownFileType = image.jpeg; path = "capital one logo.jpg"; sourceTree = "<group>"; };
		0873FC051ABF962500867FEC /* directoryVC.swift */ = {isa = PBXFileReference; fileEncoding = 4; lastKnownFileType = sourcecode.swift; path = directoryVC.swift; sourceTree = "<group>"; };
		0873FC071ABFA12600867FEC /* cube image.jpg */ = {isa = PBXFileReference; lastKnownFileType = image.jpeg; path = "cube image.jpg"; sourceTree = "<group>"; };
		08C60A5D1AABDAD8001A09AC /* FINAL App KDH.app */ = {isa = PBXFileReference; explicitFileType = wrapper.application; includeInIndex = 0; path = "FINAL App KDH.app"; sourceTree = BUILT_PRODUCTS_DIR; };
		08C60A611AABDAD8001A09AC /* Info.plist */ = {isa = PBXFileReference; lastKnownFileType = text.plist.xml; path = Info.plist; sourceTree = "<group>"; };
		08C60A621AABDAD8001A09AC /* AppDelegate.swift */ = {isa = PBXFileReference; lastKnownFileType = sourcecode.swift; path = AppDelegate.swift; sourceTree = "<group>"; };
		08C60A641AABDAD8001A09AC /* LoginViewController.swift */ = {isa = PBXFileReference; lastKnownFileType = sourcecode.swift; path = LoginViewController.swift; sourceTree = "<group>"; };
		08C60A671AABDAD8001A09AC /* Base */ = {isa = PBXFileReference; lastKnownFileType = file.storyboard; name = Base; path = Base.lproj/Main.storyboard; sourceTree = "<group>"; };
		08C60A691AABDAD8001A09AC /* Images.xcassets */ = {isa = PBXFileReference; lastKnownFileType = folder.assetcatalog; path = Images.xcassets; sourceTree = "<group>"; };
		08C60A6C1AABDAD8001A09AC /* Base */ = {isa = PBXFileReference; lastKnownFileType = file.xib; name = Base; path = Base.lproj/LaunchScreen.xib; sourceTree = "<group>"; };
		08C60A721AABDAD8001A09AC /* FINAL App KDHTests.xctest */ = {isa = PBXFileReference; explicitFileType = wrapper.cfbundle; includeInIndex = 0; path = "FINAL App KDHTests.xctest"; sourceTree = BUILT_PRODUCTS_DIR; };
		08C60A771AABDAD8001A09AC /* Info.plist */ = {isa = PBXFileReference; lastKnownFileType = text.plist.xml; path = Info.plist; sourceTree = "<group>"; };
		08C60A781AABDAD8001A09AC /* FINAL_App_KDHTests.swift */ = {isa = PBXFileReference; lastKnownFileType = sourcecode.swift; path = FINAL_App_KDHTests.swift; sourceTree = "<group>"; };
		08C60B0A1AB4A7B5001A09AC /* newUserVC.swift */ = {isa = PBXFileReference; fileEncoding = 4; lastKnownFileType = sourcecode.swift; path = newUserVC.swift; sourceTree = "<group>"; };
		08C60B0C1AB4AB6E001A09AC /* existingCardVC.swift */ = {isa = PBXFileReference; fileEncoding = 4; lastKnownFileType = sourcecode.swift; path = existingCardVC.swift; sourceTree = "<group>"; };
		08C60B101AB4B300001A09AC /* sample-01-refresh.png */ = {isa = PBXFileReference; lastKnownFileType = image.png; path = "sample-01-refresh.png"; sourceTree = "<group>"; };
		08C60B111AB4B300001A09AC /* sample-02-redo.png */ = {isa = PBXFileReference; lastKnownFileType = image.png; path = "sample-02-redo.png"; sourceTree = "<group>"; };
		08C60B121AB4B300001A09AC /* sample-03-loopback.png */ = {isa = PBXFileReference; lastKnownFileType = image.png; path = "sample-03-loopback.png"; sourceTree = "<group>"; };
		08C60B131AB4B300001A09AC /* sample-04-squiggle.png */ = {isa = PBXFileReference; lastKnownFileType = image.png; path = "sample-04-squiggle.png"; sourceTree = "<group>"; };
		08C60B141AB4B300001A09AC /* sample-05-shuffle.png */ = {isa = PBXFileReference; lastKnownFileType = image.png; path = "sample-05-shuffle.png"; sourceTree = "<group>"; };
		08C60B151AB4B300001A09AC /* sample-1004-voicemail@2x.png */ = {isa = PBXFileReference; lastKnownFileType = image.png; path = "sample-1004-voicemail@2x.png"; sourceTree = "<group>"; };
		08C60B161AB4B300001A09AC /* sample-1012-sticky-note@2x.png */ = {isa = PBXFileReference; lastKnownFileType = image.png; path = "sample-1012-sticky-note@2x.png"; sourceTree = "<group>"; };
		08C60B171AB4B300001A09AC /* sample-1013-hammer@2x.png */ = {isa = PBXFileReference; lastKnownFileType = image.png; path = "sample-1013-hammer@2x.png"; sourceTree = "<group>"; };
		08C60B181AB4B300001A09AC /* sample-1040-checkmark@2x.png */ = {isa = PBXFileReference; lastKnownFileType = image.png; path = "sample-1040-checkmark@2x.png"; sourceTree = "<group>"; };
		08C60B191AB4B300001A09AC /* sample-1049-at-sign@2x.png */ = {isa = PBXFileReference; lastKnownFileType = image.png; path = "sample-1049-at-sign@2x.png"; sourceTree = "<group>"; };
		08C60B1A1AB4B300001A09AC /* sample-1055-ticket@2x.png */ = {isa = PBXFileReference; lastKnownFileType = image.png; path = "sample-1055-ticket@2x.png"; sourceTree = "<group>"; };
		08C60B1B1AB4B300001A09AC /* sample-1067-enter-fullscreen@2x.png */ = {isa = PBXFileReference; lastKnownFileType = image.png; path = "sample-1067-enter-fullscreen@2x.png"; sourceTree = "<group>"; };
		08C60B1C1AB4B300001A09AC /* sample-1079-fork-path@2x.png */ = {isa = PBXFileReference; lastKnownFileType = image.png; path = "sample-1079-fork-path@2x.png"; sourceTree = "<group>"; };
		08C60B1D1AB4B300001A09AC /* sample-1082-merge@2x.png */ = {isa = PBXFileReference; lastKnownFileType = image.png; path = "sample-1082-merge@2x.png"; sourceTree = "<group>"; };
		08C60B1E1AB4B300001A09AC /* sample-1093-lightning-bolt-2@2x.png */ = {isa = PBXFileReference; lastKnownFileType = image.png; path = "sample-1093-lightning-bolt-2@2x.png"; sourceTree = "<group>"; };
		08C60B1F1AB4B300001A09AC /* sample-1111-flick-left@2x.png */ = {isa = PBXFileReference; lastKnownFileType = image.png; path = "sample-1111-flick-left@2x.png"; sourceTree = "<group>"; };
		08C60B201AB4B300001A09AC /* sample-1116-slayer-hand@2x.png */ = {isa = PBXFileReference; lastKnownFileType = image.png; path = "sample-1116-slayer-hand@2x.png"; sourceTree = "<group>"; };
		08C60B211AB4B300001A09AC /* sample-1144-baseball-helmet@2x.png */ = {isa = PBXFileReference; lastKnownFileType = image.png; path = "sample-1144-baseball-helmet@2x.png"; sourceTree = "<group>"; };
		08C60B221AB4B300001A09AC /* sample-1189-snake@2x.png */ = {isa = PBXFileReference; lastKnownFileType = image.png; path = "sample-1189-snake@2x.png"; sourceTree = "<group>"; };
		08C60B231AB4B300001A09AC /* sample-1240-group-error@2x.png */ = {isa = PBXFileReference; lastKnownFileType = image.png; path = "sample-1240-group-error@2x.png"; sourceTree = "<group>"; };
		08C60B241AB4B300001A09AC /* sample-302-swords.png */ = {isa = PBXFileReference; lastKnownFileType = image.png; path = "sample-302-swords.png"; sourceTree = "<group>"; };
		08C60B251AB4B300001A09AC /* sample-305-palm-tree.png */ = {isa = PBXFileReference; lastKnownFileType = image.png; path = "sample-305-palm-tree.png"; sourceTree = "<group>"; };
		08C60B261AB4B300001A09AC /* sample-307-atom.png */ = {isa = PBXFileReference; lastKnownFileType = image.png; path = "sample-307-atom.png"; sourceTree = "<group>"; };
		08C60B271AB4B300001A09AC /* sample-316-truck.png */ = {isa = PBXFileReference; lastKnownFileType = image.png; path = "sample-316-truck.png"; sourceTree = "<group>"; };
		08C60B281AB4B300001A09AC /* sample-321-like.png */ = {isa = PBXFileReference; lastKnownFileType = image.png; path = "sample-321-like.png"; sourceTree = "<group>"; };
		08C60B291AB4B300001A09AC /* sample-335-magic-wand.png */ = {isa = PBXFileReference; lastKnownFileType = image.png; path = "sample-335-magic-wand.png"; sourceTree = "<group>"; };
		08C60B2A1AB4B300001A09AC /* sample-379-barbell.png */ = {isa = PBXFileReference; lastKnownFileType = image.png; path = "sample-379-barbell.png"; sourceTree = "<group>"; };
		08C60B2B1AB4B300001A09AC /* sample-394-bank.png */ = {isa = PBXFileReference; lastKnownFileType = image.png; path = "sample-394-bank.png"; sourceTree = "<group>"; };
		08C60B2C1AB4B300001A09AC /* sample-401-globe.png */ = {isa = PBXFileReference; lastKnownFileType = image.png; path = "sample-401-globe.png"; sourceTree = "<group>"; };
		08C60B2D1AB4B300001A09AC /* sample-405-test-tube.png */ = {isa = PBXFileReference; lastKnownFileType = image.png; path = "sample-405-test-tube.png"; sourceTree = "<group>"; };
		08C60B2E1AB4B300001A09AC /* sample-504-doghouse.png */ = {isa = PBXFileReference; lastKnownFileType = image.png; path = "sample-504-doghouse.png"; sourceTree = "<group>"; };
		08C60B2F1AB4B300001A09AC /* sample-518-filter.png */ = {isa = PBXFileReference; lastKnownFileType = image.png; path = "sample-518-filter.png"; sourceTree = "<group>"; };
		08C60B301AB4B300001A09AC /* sample-552-flag-1.png */ = {isa = PBXFileReference; lastKnownFileType = image.png; path = "sample-552-flag-1.png"; sourceTree = "<group>"; };
		08C60B311AB4B300001A09AC /* sample-583-broadcast.png */ = {isa = PBXFileReference; lastKnownFileType = image.png; path = "sample-583-broadcast.png"; sourceTree = "<group>"; };
		08C60B321AB4B300001A09AC /* sample-603-anchor.png */ = {isa = PBXFileReference; lastKnownFileType = image.png; path = "sample-603-anchor.png"; sourceTree = "<group>"; };
		08C60B331AB4B300001A09AC /* sample-776-recycle@2x.png */ = {isa = PBXFileReference; lastKnownFileType = image.png; path = "sample-776-recycle@2x.png"; sourceTree = "<group>"; };
		08C60B341AB4B300001A09AC /* sample-820-bathtub@2x.png */ = {isa = PBXFileReference; lastKnownFileType = image.png; path = "sample-820-bathtub@2x.png"; sourceTree = "<group>"; };
		08C60B351AB4B300001A09AC /* sample-821-stamp@2x.png */ = {isa = PBXFileReference; lastKnownFileType = image.png; path = "sample-821-stamp@2x.png"; sourceTree = "<group>"; };
		08C60B361AB4B300001A09AC /* sample-834-bolt@2x.png */ = {isa = PBXFileReference; lastKnownFileType = image.png; path = "sample-834-bolt@2x.png"; sourceTree = "<group>"; };
		08C60B371AB4B300001A09AC /* sample-844-trumpet@2x.png */ = {isa = PBXFileReference; lastKnownFileType = image.png; path = "sample-844-trumpet@2x.png"; sourceTree = "<group>"; };
		08C60B381AB4B300001A09AC /* sample-853-fence@2x.png */ = {isa = PBXFileReference; lastKnownFileType = image.png; path = "sample-853-fence@2x.png"; sourceTree = "<group>"; };
		08C60B391AB4B300001A09AC /* sample-855-door@2x.png */ = {isa = PBXFileReference; lastKnownFileType = image.png; path = "sample-855-door@2x.png"; sourceTree = "<group>"; };
		08C60B3A1AB4B300001A09AC /* sample-881-globe@2x.png */ = {isa = PBXFileReference; lastKnownFileType = image.png; path = "sample-881-globe@2x.png"; sourceTree = "<group>"; };
		08C60B3B1AB4B300001A09AC /* sample-886-ice-cream-cone@2x.png */ = {isa = PBXFileReference; lastKnownFileType = image.png; path = "sample-886-ice-cream-cone@2x.png"; sourceTree = "<group>"; };
		08C60B3C1AB4B300001A09AC /* sample-894-t-shirt@2x.png */ = {isa = PBXFileReference; lastKnownFileType = image.png; path = "sample-894-t-shirt@2x.png"; sourceTree = "<group>"; };
		08C60B3D1AB4B300001A09AC /* sample-908-target@2x.png */ = {isa = PBXFileReference; lastKnownFileType = image.png; path = "sample-908-target@2x.png"; sourceTree = "<group>"; };
		08C60B3E1AB4B300001A09AC /* sample-920-handbag@2x.png */ = {isa = PBXFileReference; lastKnownFileType = image.png; path = "sample-920-handbag@2x.png"; sourceTree = "<group>"; };
		08C60B3F1AB4B300001A09AC /* sample-935-power-socket@2x.png */ = {isa = PBXFileReference; lastKnownFileType = image.png; path = "sample-935-power-socket@2x.png"; sourceTree = "<group>"; };
		08C60B401AB4B300001A09AC /* sample-976-bow-and-arrow@2x.png */ = {isa = PBXFileReference; lastKnownFileType = image.png; path = "sample-976-bow-and-arrow@2x.png"; sourceTree = "<group>"; };
		08C60B411AB4B300001A09AC /* sample-986-ghost@2x.png */ = {isa = PBXFileReference; lastKnownFileType = image.png; path = "sample-986-ghost@2x.png"; sourceTree = "<group>"; };
		08C60B741AB4C9BB001A09AC /* completeCardVC.swift */ = {isa = PBXFileReference; fileEncoding = 4; lastKnownFileType = sourcecode.swift; path = completeCardVC.swift; sourceTree = "<group>"; };
		08D90A231ABE15F700E39DF8 /* The DeVere Group_logo_OCT2014.png */ = {isa = PBXFileReference; lastKnownFileType = image.png; path = "The DeVere Group_logo_OCT2014.png"; sourceTree = "<group>"; };
		08D90A251ABE1D3400E39DF8 /* 1776 image.jpg */ = {isa = PBXFileReference; lastKnownFileType = image.jpeg; path = "1776 image.jpg"; sourceTree = "<group>"; };
		08D90A271ABE1EE300E39DF8 /* existingVC2.swift */ = {isa = PBXFileReference; fileEncoding = 4; lastKnownFileType = sourcecode.swift; path = existingVC2.swift; sourceTree = "<group>"; };
/* End PBXFileReference section */

/* Begin PBXFrameworksBuildPhase section */
		08C60A5A1AABDAD8001A09AC /* Frameworks */ = {
			isa = PBXFrameworksBuildPhase;
			buildActionMask = 2147483647;
			files = (
				0873FC001ABF585900867FEC /* CoreLocation.framework in Frameworks */,
				0873FBFE1ABF584B00867FEC /* MapKit.framework in Frameworks */,
			);
			runOnlyForDeploymentPostprocessing = 0;
		};
		08C60A6F1AABDAD8001A09AC /* Frameworks */ = {
			isa = PBXFrameworksBuildPhase;
			buildActionMask = 2147483647;
			files = (
			);
			runOnlyForDeploymentPostprocessing = 0;
		};
/* End PBXFrameworksBuildPhase section */

/* Begin PBXGroup section */
		08C60A541AABDAD8001A09AC = {
			isa = PBXGroup;
			children = (
				0873FBFF1ABF585900867FEC /* CoreLocation.framework */,
				0873FBFD1ABF584B00867FEC /* MapKit.framework */,
				08C60A5F1AABDAD8001A09AC /* FINAL App KDH */,
				08C60A751AABDAD8001A09AC /* FINAL App KDHTests */,
				08C60A5E1AABDAD8001A09AC /* Products */,
			);
			sourceTree = "<group>";
		};
		08C60A5E1AABDAD8001A09AC /* Products */ = {
			isa = PBXGroup;
			children = (
				08C60A5D1AABDAD8001A09AC /* FINAL App KDH.app */,
				08C60A721AABDAD8001A09AC /* FINAL App KDHTests.xctest */,
			);
			name = Products;
			sourceTree = "<group>";
		};
		08C60A5F1AABDAD8001A09AC /* FINAL App KDH */ = {
			isa = PBXGroup;
			children = (
				08C60A621AABDAD8001A09AC /* AppDelegate.swift */,
				08C60A641AABDAD8001A09AC /* LoginViewController.swift */,
				08D90A271ABE1EE300E39DF8 /* existingVC2.swift */,
				08C60B0A1AB4A7B5001A09AC /* newUserVC.swift */,
				0873FBEF1ABE436700867FEC /* existingVC3.swift */,
				0873FBFB1ABF55F200867FEC /* MapVC.swift */,
				08C60B0C1AB4AB6E001A09AC /* existingCardVC.swift */,
				0873FC051ABF962500867FEC /* directoryVC.swift */,
				08C60B741AB4C9BB001A09AC /* completeCardVC.swift */,
				08C60A661AABDAD8001A09AC /* Main.storyboard */,
				08C60A691AABDAD8001A09AC /* Images.xcassets */,
				08C60A6B1AABDAD8001A09AC /* LaunchScreen.xib */,
				08C60A601AABDAD8001A09AC /* Supporting Files */,
			);
			path = "FINAL App KDH";
			sourceTree = "<group>";
		};
		08C60A601AABDAD8001A09AC /* Supporting Files */ = {
			isa = PBXGroup;
			children = (
				08C60A611AABDAD8001A09AC /* Info.plist */,
				08D90A251ABE1D3400E39DF8 /* 1776 image.jpg */,
				0873FC071ABFA12600867FEC /* cube image.jpg */,
				0873FC031ABF95D200867FEC /* capital one logo.jpg */,
				08D90A231ABE15F700E39DF8 /* The DeVere Group_logo_OCT2014.png */,
				08C60B0E1AB4B300001A09AC /* Free PNG sample icons */,
			);
			name = "Supporting Files";
			sourceTree = "<group>";
		};
		08C60A751AABDAD8001A09AC /* FINAL App KDHTests */ = {
			isa = PBXGroup;
			children = (
				08C60A781AABDAD8001A09AC /* FINAL_App_KDHTests.swift */,
				08C60A761AABDAD8001A09AC /* Supporting Files */,
			);
			path = "FINAL App KDHTests";
			sourceTree = "<group>";
		};
		08C60A761AABDAD8001A09AC /* Supporting Files */ = {
			isa = PBXGroup;
			children = (
				08C60A771AABDAD8001A09AC /* Info.plist */,
			);
			name = "Supporting Files";
			sourceTree = "<group>";
		};
		08C60B0E1AB4B300001A09AC /* Free PNG sample icons */ = {
			isa = PBXGroup;
			children = (
				08C60B0F1AB4B300001A09AC /* _Purchase full sets for more icons, more sizes, more formats */,
				08C60B101AB4B300001A09AC /* sample-01-refresh.png */,
				08C60B111AB4B300001A09AC /* sample-02-redo.png */,
				08C60B121AB4B300001A09AC /* sample-03-loopback.png */,
				08C60B131AB4B300001A09AC /* sample-04-squiggle.png */,
				08C60B141AB4B300001A09AC /* sample-05-shuffle.png */,
				08C60B151AB4B300001A09AC /* sample-1004-voicemail@2x.png */,
				08C60B161AB4B300001A09AC /* sample-1012-sticky-note@2x.png */,
				08C60B171AB4B300001A09AC /* sample-1013-hammer@2x.png */,
				08C60B181AB4B300001A09AC /* sample-1040-checkmark@2x.png */,
				08C60B191AB4B300001A09AC /* sample-1049-at-sign@2x.png */,
				08C60B1A1AB4B300001A09AC /* sample-1055-ticket@2x.png */,
				08C60B1B1AB4B300001A09AC /* sample-1067-enter-fullscreen@2x.png */,
				08C60B1C1AB4B300001A09AC /* sample-1079-fork-path@2x.png */,
				08C60B1D1AB4B300001A09AC /* sample-1082-merge@2x.png */,
				08C60B1E1AB4B300001A09AC /* sample-1093-lightning-bolt-2@2x.png */,
				08C60B1F1AB4B300001A09AC /* sample-1111-flick-left@2x.png */,
				08C60B201AB4B300001A09AC /* sample-1116-slayer-hand@2x.png */,
				08C60B211AB4B300001A09AC /* sample-1144-baseball-helmet@2x.png */,
				08C60B221AB4B300001A09AC /* sample-1189-snake@2x.png */,
				08C60B231AB4B300001A09AC /* sample-1240-group-error@2x.png */,
				08C60B241AB4B300001A09AC /* sample-302-swords.png */,
				08C60B251AB4B300001A09AC /* sample-305-palm-tree.png */,
				08C60B261AB4B300001A09AC /* sample-307-atom.png */,
				08C60B271AB4B300001A09AC /* sample-316-truck.png */,
				08C60B281AB4B300001A09AC /* sample-321-like.png */,
				08C60B291AB4B300001A09AC /* sample-335-magic-wand.png */,
				08C60B2A1AB4B300001A09AC /* sample-379-barbell.png */,
				08C60B2B1AB4B300001A09AC /* sample-394-bank.png */,
				08C60B2C1AB4B300001A09AC /* sample-401-globe.png */,
				08C60B2D1AB4B300001A09AC /* sample-405-test-tube.png */,
				08C60B2E1AB4B300001A09AC /* sample-504-doghouse.png */,
				08C60B2F1AB4B300001A09AC /* sample-518-filter.png */,
				08C60B301AB4B300001A09AC /* sample-552-flag-1.png */,
				08C60B311AB4B300001A09AC /* sample-583-broadcast.png */,
				08C60B321AB4B300001A09AC /* sample-603-anchor.png */,
				08C60B331AB4B300001A09AC /* sample-776-recycle@2x.png */,
				08C60B341AB4B300001A09AC /* sample-820-bathtub@2x.png */,
				08C60B351AB4B300001A09AC /* sample-821-stamp@2x.png */,
				08C60B361AB4B300001A09AC /* sample-834-bolt@2x.png */,
				08C60B371AB4B300001A09AC /* sample-844-trumpet@2x.png */,
				08C60B381AB4B300001A09AC /* sample-853-fence@2x.png */,
				08C60B391AB4B300001A09AC /* sample-855-door@2x.png */,
				08C60B3A1AB4B300001A09AC /* sample-881-globe@2x.png */,
				08C60B3B1AB4B300001A09AC /* sample-886-ice-cream-cone@2x.png */,
				08C60B3C1AB4B300001A09AC /* sample-894-t-shirt@2x.png */,
				08C60B3D1AB4B300001A09AC /* sample-908-target@2x.png */,
				08C60B3E1AB4B300001A09AC /* sample-920-handbag@2x.png */,
				08C60B3F1AB4B300001A09AC /* sample-935-power-socket@2x.png */,
				08C60B401AB4B300001A09AC /* sample-976-bow-and-arrow@2x.png */,
				08C60B411AB4B300001A09AC /* sample-986-ghost@2x.png */,
			);
			path = "Free PNG sample icons";
			sourceTree = "<group>";
		};
		08C60B0F1AB4B300001A09AC /* _Purchase full sets for more icons, more sizes, more formats */ = {
			isa = PBXGroup;
			children = (
			);
			path = "_Purchase full sets for more icons, more sizes, more formats";
			sourceTree = "<group>";
		};
/* End PBXGroup section */

/* Begin PBXNativeTarget section */
		08C60A5C1AABDAD8001A09AC /* FINAL App KDH */ = {
			isa = PBXNativeTarget;
			buildConfigurationList = 08C60A7C1AABDAD8001A09AC /* Build configuration list for PBXNativeTarget "FINAL App KDH" */;
			buildPhases = (
				08C60A591AABDAD8001A09AC /* Sources */,
				08C60A5A1AABDAD8001A09AC /* Frameworks */,
				08C60A5B1AABDAD8001A09AC /* Resources */,
			);
			buildRules = (
			);
			dependencies = (
			);
			name = "FINAL App KDH";
			productName = "FINAL App KDH";
			productReference = 08C60A5D1AABDAD8001A09AC /* FINAL App KDH.app */;
			productType = "com.apple.product-type.application";
		};
		08C60A711AABDAD8001A09AC /* FINAL App KDHTests */ = {
			isa = PBXNativeTarget;
			buildConfigurationList = 08C60A7F1AABDAD8001A09AC /* Build configuration list for PBXNativeTarget "FINAL App KDHTests" */;
			buildPhases = (
				08C60A6E1AABDAD8001A09AC /* Sources */,
				08C60A6F1AABDAD8001A09AC /* Frameworks */,
				08C60A701AABDAD8001A09AC /* Resources */,
			);
			buildRules = (
			);
			dependencies = (
				08C60A741AABDAD8001A09AC /* PBXTargetDependency */,
			);
			name = "FINAL App KDHTests";
			productName = "FINAL App KDHTests";
			productReference = 08C60A721AABDAD8001A09AC /* FINAL App KDHTests.xctest */;
			productType = "com.apple.product-type.bundle.unit-test";
		};
/* End PBXNativeTarget section */

/* Begin PBXProject section */
		08C60A551AABDAD8001A09AC /* Project object */ = {
			isa = PBXProject;
			attributes = {
				LastUpgradeCheck = 0610;
				ORGANIZATIONNAME = "Kathryn Hill";
				TargetAttributes = {
					08C60A5C1AABDAD8001A09AC = {
						CreatedOnToolsVersion = 6.1.1;
					};
					08C60A711AABDAD8001A09AC = {
						CreatedOnToolsVersion = 6.1.1;
						TestTargetID = 08C60A5C1AABDAD8001A09AC;
					};
				};
			};
			buildConfigurationList = 08C60A581AABDAD8001A09AC /* Build configuration list for PBXProject "FINAL App KDH" */;
			compatibilityVersion = "Xcode 3.2";
			developmentRegion = English;
			hasScannedForEncodings = 0;
			knownRegions = (
				en,
				Base,
			);
			mainGroup = 08C60A541AABDAD8001A09AC;
			productRefGroup = 08C60A5E1AABDAD8001A09AC /* Products */;
			projectDirPath = "";
			projectRoot = "";
			targets = (
				08C60A5C1AABDAD8001A09AC /* FINAL App KDH */,
				08C60A711AABDAD8001A09AC /* FINAL App KDHTests */,
			);
		};
/* End PBXProject section */

/* Begin PBXResourcesBuildPhase section */
		08C60A5B1AABDAD8001A09AC /* Resources */ = {
			isa = PBXResourcesBuildPhase;
			buildActionMask = 2147483647;
			files = (
				08C60B5C1AB4B300001A09AC /* sample-379-barbell.png in Resources */,
				08C60B731AB4B300001A09AC /* sample-986-ghost@2x.png in Resources */,
				08C60B5E1AB4B300001A09AC /* sample-401-globe.png in Resources */,
				08C60B651AB4B300001A09AC /* sample-776-recycle@2x.png in Resources */,
				0873FC041ABF95D200867FEC /* capital one logo.jpg in Resources */,
				08C60B521AB4B300001A09AC /* sample-1116-slayer-hand@2x.png in Resources */,
				08C60B551AB4B300001A09AC /* sample-1240-group-error@2x.png in Resources */,
				08C60B451AB4B300001A09AC /* sample-04-squiggle.png in Resources */,
				08D90A241ABE15F700E39DF8 /* The DeVere Group_logo_OCT2014.png in Resources */,
				08C60B4D1AB4B300001A09AC /* sample-1067-enter-fullscreen@2x.png in Resources */,
				08C60B591AB4B300001A09AC /* sample-316-truck.png in Resources */,
				08C60B511AB4B300001A09AC /* sample-1111-flick-left@2x.png in Resources */,
				08C60B501AB4B300001A09AC /* sample-1093-lightning-bolt-2@2x.png in Resources */,
				08C60B4E1AB4B300001A09AC /* sample-1079-fork-path@2x.png in Resources */,
				08C60B431AB4B300001A09AC /* sample-02-redo.png in Resources */,
				08C60B5B1AB4B300001A09AC /* sample-335-magic-wand.png in Resources */,
				08C60B4F1AB4B300001A09AC /* sample-1082-merge@2x.png in Resources */,
				08C60B421AB4B300001A09AC /* sample-01-refresh.png in Resources */,
				08C60B4A1AB4B300001A09AC /* sample-1040-checkmark@2x.png in Resources */,
				08C60B4B1AB4B300001A09AC /* sample-1049-at-sign@2x.png in Resources */,
				08C60B5A1AB4B300001A09AC /* sample-321-like.png in Resources */,
				08C60A681AABDAD8001A09AC /* Main.storyboard in Resources */,
				08C60B531AB4B300001A09AC /* sample-1144-baseball-helmet@2x.png in Resources */,
				08C60B491AB4B300001A09AC /* sample-1013-hammer@2x.png in Resources */,
				08C60B641AB4B300001A09AC /* sample-603-anchor.png in Resources */,
				08C60B541AB4B300001A09AC /* sample-1189-snake@2x.png in Resources */,
				08C60B441AB4B300001A09AC /* sample-03-loopback.png in Resources */,
				08C60B6C1AB4B300001A09AC /* sample-881-globe@2x.png in Resources */,
				08C60B611AB4B300001A09AC /* sample-518-filter.png in Resources */,
				08C60B6D1AB4B300001A09AC /* sample-886-ice-cream-cone@2x.png in Resources */,
				08C60B6A1AB4B300001A09AC /* sample-853-fence@2x.png in Resources */,
				08C60B571AB4B300001A09AC /* sample-305-palm-tree.png in Resources */,
				08C60B601AB4B300001A09AC /* sample-504-doghouse.png in Resources */,
				08C60B711AB4B300001A09AC /* sample-935-power-socket@2x.png in Resources */,
				08D90A261ABE1D3400E39DF8 /* 1776 image.jpg in Resources */,
				08C60B471AB4B300001A09AC /* sample-1004-voicemail@2x.png in Resources */,
				08C60B5D1AB4B300001A09AC /* sample-394-bank.png in Resources */,
				08C60B671AB4B300001A09AC /* sample-821-stamp@2x.png in Resources */,
				08C60B721AB4B300001A09AC /* sample-976-bow-and-arrow@2x.png in Resources */,
				08C60B631AB4B300001A09AC /* sample-583-broadcast.png in Resources */,
				08C60B6E1AB4B300001A09AC /* sample-894-t-shirt@2x.png in Resources */,
				08C60B581AB4B300001A09AC /* sample-307-atom.png in Resources */,
				08C60A6D1AABDAD8001A09AC /* LaunchScreen.xib in Resources */,
				08C60B6F1AB4B300001A09AC /* sample-908-target@2x.png in Resources */,
				08C60B701AB4B300001A09AC /* sample-920-handbag@2x.png in Resources */,
				08C60B681AB4B300001A09AC /* sample-834-bolt@2x.png in Resources */,
				08C60B561AB4B300001A09AC /* sample-302-swords.png in Resources */,
				08C60B461AB4B300001A09AC /* sample-05-shuffle.png in Resources */,
				08C60B4C1AB4B300001A09AC /* sample-1055-ticket@2x.png in Resources */,
				08C60B6B1AB4B300001A09AC /* sample-855-door@2x.png in Resources */,
				08C60B621AB4B300001A09AC /* sample-552-flag-1.png in Resources */,
				08C60A6A1AABDAD8001A09AC /* Images.xcassets in Resources */,
				08C60B481AB4B300001A09AC /* sample-1012-sticky-note@2x.png in Resources */,
				08C60B661AB4B300001A09AC /* sample-820-bathtub@2x.png in Resources */,
				08C60B691AB4B300001A09AC /* sample-844-trumpet@2x.png in Resources */,
				0873FC081ABFA12600867FEC /* cube image.jpg in Resources */,
				08C60B5F1AB4B300001A09AC /* sample-405-test-tube.png in Resources */,
			);
			runOnlyForDeploymentPostprocessing = 0;
		};
		08C60A701AABDAD8001A09AC /* Resources */ = {
			isa = PBXResourcesBuildPhase;
			buildActionMask = 2147483647;
			files = (
			);
			runOnlyForDeploymentPostprocessing = 0;
		};
/* End PBXResourcesBuildPhase section */

/* Begin PBXSourcesBuildPhase section */
		08C60A591AABDAD8001A09AC /* Sources */ = {
			isa = PBXSourcesBuildPhase;
			buildActionMask = 2147483647;
			files = (
				0873FBF01ABE436700867FEC /* existingVC3.swift in Sources */,
				08C60A651AABDAD8001A09AC /* LoginViewController.swift in Sources */,
				08C60A631AABDAD8001A09AC /* AppDelegate.swift in Sources */,
				08D90A281ABE1EE300E39DF8 /* existingVC2.swift in Sources */,
				08C60B0D1AB4AB6E001A09AC /* existingCardVC.swift in Sources */,
				0873FBFC1ABF55F200867FEC /* MapVC.swift in Sources */,
				0873FC061ABF962500867FEC /* directoryVC.swift in Sources */,
				08C60B0B1AB4A7B5001A09AC /* newUserVC.swift in Sources */,
				08C60B751AB4C9BB001A09AC /* completeCardVC.swift in Sources */,
			);
			runOnlyForDeploymentPostprocessing = 0;
		};
		08C60A6E1AABDAD8001A09AC /* Sources */ = {
			isa = PBXSourcesBuildPhase;
			buildActionMask = 2147483647;
			files = (
				08C60A791AABDAD8001A09AC /* FINAL_App_KDHTests.swift in Sources */,
			);
			runOnlyForDeploymentPostprocessing = 0;
		};
/* End PBXSourcesBuildPhase section */

/* Begin PBXTargetDependency section */
		08C60A741AABDAD8001A09AC /* PBXTargetDependency */ = {
			isa = PBXTargetDependency;
			target = 08C60A5C1AABDAD8001A09AC /* FINAL App KDH */;
			targetProxy = 08C60A731AABDAD8001A09AC /* PBXContainerItemProxy */;
		};
/* End PBXTargetDependency section */

/* Begin PBXVariantGroup section */
		08C60A661AABDAD8001A09AC /* Main.storyboard */ = {
			isa = PBXVariantGroup;
			children = (
				08C60A671AABDAD8001A09AC /* Base */,
				0873FBF11ABE4B7D00867FEC /* ar */,
				0873FBF31ABE4B9C00867FEC /* es */,
				0873FBF51ABE4BA200867FEC /* fr */,
				0873FBF71ABE4BC400867FEC /* de */,
			);
			name = Main.storyboard;
			sourceTree = "<group>";
		};
		08C60A6B1AABDAD8001A09AC /* LaunchScreen.xib */ = {
			isa = PBXVariantGroup;
			children = (
				08C60A6C1AABDAD8001A09AC /* Base */,
				0873FBF21ABE4B7D00867FEC /* ar */,
				0873FBF41ABE4B9D00867FEC /* es */,
				0873FBF61ABE4BA200867FEC /* fr */,
				0873FBF81ABE4BC400867FEC /* de */,
				0873FBFA1ABE4CB500867FEC /* en */,
			);
			name = LaunchScreen.xib;
			sourceTree = "<group>";
		};
/* End PBXVariantGroup section */

/* Begin XCBuildConfiguration section */
		08C60A7A1AABDAD8001A09AC /* Debug */ = {
			isa = XCBuildConfiguration;
			buildSettings = {
				ALWAYS_SEARCH_USER_PATHS = NO;
				CLANG_CXX_LANGUAGE_STANDARD = "gnu++0x";
				CLANG_CXX_LIBRARY = "libc++";
				CLANG_ENABLE_MODULES = YES;
				CLANG_ENABLE_OBJC_ARC = YES;
				CLANG_WARN_BOOL_CONVERSION = YES;
				CLANG_WARN_CONSTANT_CONVERSION = YES;
				CLANG_WARN_DIRECT_OBJC_ISA_USAGE = YES_ERROR;
				CLANG_WARN_EMPTY_BODY = YES;
				CLANG_WARN_ENUM_CONVERSION = YES;
				CLANG_WARN_INT_CONVERSION = YES;
				CLANG_WARN_OBJC_ROOT_CLASS = YES_ERROR;
				CLANG_WARN_UNREACHABLE_CODE = YES;
				CLANG_WARN__DUPLICATE_METHOD_MATCH = YES;
				"CODE_SIGN_IDENTITY[sdk=iphoneos*]" = "iPhone Developer";
				COPY_PHASE_STRIP = NO;
				ENABLE_STRICT_OBJC_MSGSEND = YES;
				GCC_C_LANGUAGE_STANDARD = gnu99;
				GCC_DYNAMIC_NO_PIC = NO;
				GCC_OPTIMIZATION_LEVEL = 0;
				GCC_PREPROCESSOR_DEFINITIONS = (
					"DEBUG=1",
					"$(inherited)",
				);
				GCC_SYMBOLS_PRIVATE_EXTERN = NO;
				GCC_WARN_64_TO_32_BIT_CONVERSION = YES;
				GCC_WARN_ABOUT_RETURN_TYPE = YES_ERROR;
				GCC_WARN_UNDECLARED_SELECTOR = YES;
				GCC_WARN_UNINITIALIZED_AUTOS = YES_AGGRESSIVE;
				GCC_WARN_UNUSED_FUNCTION = YES;
				GCC_WARN_UNUSED_VARIABLE = YES;
				IPHONEOS_DEPLOYMENT_TARGET = 8.1;
				MTL_ENABLE_DEBUG_INFO = YES;
				ONLY_ACTIVE_ARCH = YES;
				SDKROOT = iphoneos;
				SWIFT_OPTIMIZATION_LEVEL = "-Onone";
				TARGETED_DEVICE_FAMILY = "1,2";
			};
			name = Debug;
		};
		08C60A7B1AABDAD8001A09AC /* Release */ = {
			isa = XCBuildConfiguration;
			buildSettings = {
				ALWAYS_SEARCH_USER_PATHS = NO;
				CLANG_CXX_LANGUAGE_STANDARD = "gnu++0x";
				CLANG_CXX_LIBRARY = "libc++";
				CLANG_ENABLE_MODULES = YES;
				CLANG_ENABLE_OBJC_ARC = YES;
				CLANG_WARN_BOOL_CONVERSION = YES;
				CLANG_WARN_CONSTANT_CONVERSION = YES;
				CLANG_WARN_DIRECT_OBJC_ISA_USAGE = YES_ERROR;
				CLANG_WARN_EMPTY_BODY = YES;
				CLANG_WARN_ENUM_CONVERSION = YES;
				CLANG_WARN_INT_CONVERSION = YES;
				CLANG_WARN_OBJC_ROOT_CLASS = YES_ERROR;
				CLANG_WARN_UNREACHABLE_CODE = YES;
				CLANG_WARN__DUPLICATE_METHOD_MATCH = YES;
				"CODE_SIGN_IDENTITY[sdk=iphoneos*]" = "iPhone Developer";
				COPY_PHASE_STRIP = YES;
				ENABLE_NS_ASSERTIONS = NO;
				ENABLE_STRICT_OBJC_MSGSEND = YES;
				GCC_C_LANGUAGE_STANDARD = gnu99;
				GCC_WARN_64_TO_32_BIT_CONVERSION = YES;
				GCC_WARN_ABOUT_RETURN_TYPE = YES_ERROR;
				GCC_WARN_UNDECLARED_SELECTOR = YES;
				GCC_WARN_UNINITIALIZED_AUTOS = YES_AGGRESSIVE;
				GCC_WARN_UNUSED_FUNCTION = YES;
				GCC_WARN_UNUSED_VARIABLE = YES;
				IPHONEOS_DEPLOYMENT_TARGET = 8.1;
				MTL_ENABLE_DEBUG_INFO = NO;
				SDKROOT = iphoneos;
				TARGETED_DEVICE_FAMILY = "1,2";
				VALIDATE_PRODUCT = YES;
			};
			name = Release;
		};
		08C60A7D1AABDAD8001A09AC /* Debug */ = {
			isa = XCBuildConfiguration;
			buildSettings = {
				ASSETCATALOG_COMPILER_APPICON_NAME = AppIcon;
				INFOPLIST_FILE = "FINAL App KDH/Info.plist";
				IPHONEOS_DEPLOYMENT_TARGET = 7.1;
				LD_RUNPATH_SEARCH_PATHS = "$(inherited) @executable_path/Frameworks";
				PRODUCT_NAME = "$(TARGET_NAME)";
			};
			name = Debug;
		};
		08C60A7E1AABDAD8001A09AC /* Release */ = {
			isa = XCBuildConfiguration;
			buildSettings = {
				ASSETCATALOG_COMPILER_APPICON_NAME = AppIcon;
				INFOPLIST_FILE = "FINAL App KDH/Info.plist";
				IPHONEOS_DEPLOYMENT_TARGET = 7.1;
				LD_RUNPATH_SEARCH_PATHS = "$(inherited) @executable_path/Frameworks";
				PRODUCT_NAME = "$(TARGET_NAME)";
			};
			name = Release;
		};
		08C60A801AABDAD8001A09AC /* Debug */ = {
			isa = XCBuildConfiguration;
			buildSettings = {
				BUNDLE_LOADER = "$(TEST_HOST)";
				FRAMEWORK_SEARCH_PATHS = (
					"$(SDKROOT)/Developer/Library/Frameworks",
					"$(inherited)",
				);
				GCC_PREPROCESSOR_DEFINITIONS = (
					"DEBUG=1",
					"$(inherited)",
				);
				INFOPLIST_FILE = "FINAL App KDHTests/Info.plist";
				LD_RUNPATH_SEARCH_PATHS = "$(inherited) @executable_path/Frameworks @loader_path/Frameworks";
				PRODUCT_NAME = "$(TARGET_NAME)";
				TEST_HOST = "$(BUILT_PRODUCTS_DIR)/FINAL App KDH.app/FINAL App KDH";
			};
			name = Debug;
		};
		08C60A811AABDAD8001A09AC /* Release */ = {
			isa = XCBuildConfiguration;
			buildSettings = {
				BUNDLE_LOADER = "$(TEST_HOST)";
				FRAMEWORK_SEARCH_PATHS = (
					"$(SDKROOT)/Developer/Library/Frameworks",
					"$(inherited)",
				);
				INFOPLIST_FILE = "FINAL App KDHTests/Info.plist";
				LD_RUNPATH_SEARCH_PATHS = "$(inherited) @executable_path/Frameworks @loader_path/Frameworks";
				PRODUCT_NAME = "$(TARGET_NAME)";
				TEST_HOST = "$(BUILT_PRODUCTS_DIR)/FINAL App KDH.app/FINAL App KDH";
			};
			name = Release;
		};
/* End XCBuildConfiguration section */

/* Begin XCConfigurationList section */
		08C60A581AABDAD8001A09AC /* Build configuration list for PBXProject "FINAL App KDH" */ = {
			isa = XCConfigurationList;
			buildConfigurations = (
				08C60A7A1AABDAD8001A09AC /* Debug */,
				08C60A7B1AABDAD8001A09AC /* Release */,
			);
			defaultConfigurationIsVisible = 0;
			defaultConfigurationName = Release;
		};
		08C60A7C1AABDAD8001A09AC /* Build configuration list for PBXNativeTarget "FINAL App KDH" */ = {
			isa = XCConfigurationList;
			buildConfigurations = (
				08C60A7D1AABDAD8001A09AC /* Debug */,
				08C60A7E1AABDAD8001A09AC /* Release */,
			);
			defaultConfigurationIsVisible = 0;
			defaultConfigurationName = Release;
		};
		08C60A7F1AABDAD8001A09AC /* Build configuration list for PBXNativeTarget "FINAL App KDHTests" */ = {
			isa = XCConfigurationList;
			buildConfigurations = (
				08C60A801AABDAD8001A09AC /* Debug */,
				08C60A811AABDAD8001A09AC /* Release */,
			);
			defaultConfigurationIsVisible = 0;
			defaultConfigurationName = Release;
		};
/* End XCConfigurationList section */
	};
	rootObject = 08C60A551AABDAD8001A09AC /* Project object */;
}
