// !$*UTF8*$!
{
	archiveVersion = 1;
	classes = {
	};
	objectVersion = 46;
	objects = {

/* Begin PBXBuildFile section */
		088B7F471A9C049B00D9E1B5 /* AppDelegate.swift in Sources */ = {isa = PBXBuildFile; fileRef = 088B7F461A9C049B00D9E1B5 /* AppDelegate.swift */; };
		088B7F491A9C049B00D9E1B5 /* ViewController.swift in Sources */ = {isa = PBXBuildFile; fileRef = 088B7F481A9C049B00D9E1B5 /* ViewController.swift */; };
		088B7F4C1A9C049B00D9E1B5 /* Main.storyboard in Resources */ = {isa = PBXBuildFile; fileRef = 088B7F4A1A9C049B00D9E1B5 /* Main.storyboard */; };
		088B7F4E1A9C049B00D9E1B5 /* Images.xcassets in Resources */ = {isa = PBXBuildFile; fileRef = 088B7F4D1A9C049B00D9E1B5 /* Images.xcassets */; };
		088B7F511A9C049B00D9E1B5 /* LaunchScreen.xib in Resources */ = {isa = PBXBuildFile; fileRef = 088B7F4F1A9C049B00D9E1B5 /* LaunchScreen.xib */; };
		088B7F5D1A9C049B00D9E1B5 /* Athlete_Array_KDH_23_FEB_2015Tests.swift in Sources */ = {isa = PBXBuildFile; fileRef = 088B7F5C1A9C049B00D9E1B5 /* Athlete_Array_KDH_23_FEB_2015Tests.swift */; };
		088B7F691A9C166400D9E1B5 /* Coaches.plist in Resources */ = {isa = PBXBuildFile; fileRef = 088B7F681A9C166400D9E1B5 /* Coaches.plist */; };
/* End PBXBuildFile section */

/* Begin PBXContainerItemProxy section */
		088B7F571A9C049B00D9E1B5 /* PBXContainerItemProxy */ = {
			isa = PBXContainerItemProxy;
			containerPortal = 088B7F391A9C049B00D9E1B5 /* Project object */;
			proxyType = 1;
			remoteGlobalIDString = 088B7F401A9C049B00D9E1B5;
			remoteInfo = "Athlete Array KDH 23 FEB 2015";
		};
/* End PBXContainerItemProxy section */

/* Begin PBXFileReference section */
		088B7F411A9C049B00D9E1B5 /* Athlete Array KDH 23 FEB 2015.app */ = {isa = PBXFileReference; explicitFileType = wrapper.application; includeInIndex = 0; path = "Athlete Array KDH 23 FEB 2015.app"; sourceTree = BUILT_PRODUCTS_DIR; };
		088B7F451A9C049B00D9E1B5 /* Info.plist */ = {isa = PBXFileReference; lastKnownFileType = text.plist.xml; path = Info.plist; sourceTree = "<group>"; };
		088B7F461A9C049B00D9E1B5 /* AppDelegate.swift */ = {isa = PBXFileReference; lastKnownFileType = sourcecode.swift; path = AppDelegate.swift; sourceTree = "<group>"; };
		088B7F481A9C049B00D9E1B5 /* ViewController.swift */ = {isa = PBXFileReference; lastKnownFileType = sourcecode.swift; path = ViewController.swift; sourceTree = "<group>"; };
		088B7F4B1A9C049B00D9E1B5 /* Base */ = {isa = PBXFileReference; lastKnownFileType = file.storyboard; name = Base; path = Base.lproj/Main.storyboard; sourceTree = "<group>"; };
		088B7F4D1A9C049B00D9E1B5 /* Images.xcassets */ = {isa = PBXFileReference; lastKnownFileType = folder.assetcatalog; path = Images.xcassets; sourceTree = "<group>"; };
		088B7F501A9C049B00D9E1B5 /* Base */ = {isa = PBXFileReference; lastKnownFileType = file.xib; name = Base; path = Base.lproj/LaunchScreen.xib; sourceTree = "<group>"; };
		088B7F561A9C049B00D9E1B5 /* Athlete Array KDH 23 FEB 2015Tests.xctest */ = {isa = PBXFileReference; explicitFileType = wrapper.cfbundle; includeInIndex = 0; path = "Athlete Array KDH 23 FEB 2015Tests.xctest"; sourceTree = BUILT_PRODUCTS_DIR; };
		088B7F5B1A9C049B00D9E1B5 /* Info.plist */ = {isa = PBXFileReference; lastKnownFileType = text.plist.xml; path = Info.plist; sourceTree = "<group>"; };
		088B7F5C1A9C049B00D9E1B5 /* Athlete_Array_KDH_23_FEB_2015Tests.swift */ = {isa = PBXFileReference; lastKnownFileType = sourcecode.swift; path = Athlete_Array_KDH_23_FEB_2015Tests.swift; sourceTree = "<group>"; };
		088B7F681A9C166400D9E1B5 /* Coaches.plist */ = {isa = PBXFileReference; fileEncoding = 4; lastKnownFileType = text.plist.xml; path = Coaches.plist; sourceTree = "<group>"; };
/* End PBXFileReference section */

/* Begin PBXFrameworksBuildPhase section */
		088B7F3E1A9C049B00D9E1B5 /* Frameworks */ = {
			isa = PBXFrameworksBuildPhase;
			buildActionMask = 2147483647;
			files = (
			);
			runOnlyForDeploymentPostprocessing = 0;
		};
		088B7F531A9C049B00D9E1B5 /* Frameworks */ = {
			isa = PBXFrameworksBuildPhase;
			buildActionMask = 2147483647;
			files = (
			);
			runOnlyForDeploymentPostprocessing = 0;
		};
/* End PBXFrameworksBuildPhase section */

/* Begin PBXGroup section */
		088B7F381A9C049B00D9E1B5 = {
			isa = PBXGroup;
			children = (
				088B7F431A9C049B00D9E1B5 /* Athlete Array KDH 23 FEB 2015 */,
				088B7F591A9C049B00D9E1B5 /* Athlete Array KDH 23 FEB 2015Tests */,
				088B7F421A9C049B00D9E1B5 /* Products */,
			);
			sourceTree = "<group>";
		};
		088B7F421A9C049B00D9E1B5 /* Products */ = {
			isa = PBXGroup;
			children = (
				088B7F411A9C049B00D9E1B5 /* Athlete Array KDH 23 FEB 2015.app */,
				088B7F561A9C049B00D9E1B5 /* Athlete Array KDH 23 FEB 2015Tests.xctest */,
			);
			name = Products;
			sourceTree = "<group>";
		};
		088B7F431A9C049B00D9E1B5 /* Athlete Array KDH 23 FEB 2015 */ = {
			isa = PBXGroup;
			children = (
				088B7F461A9C049B00D9E1B5 /* AppDelegate.swift */,
				088B7F481A9C049B00D9E1B5 /* ViewController.swift */,
				088B7F4A1A9C049B00D9E1B5 /* Main.storyboard */,
				088B7F4D1A9C049B00D9E1B5 /* Images.xcassets */,
				088B7F4F1A9C049B00D9E1B5 /* LaunchScreen.xib */,
				088B7F441A9C049B00D9E1B5 /* Supporting Files */,
			);
			path = "Athlete Array KDH 23 FEB 2015";
			sourceTree = "<group>";
		};
		088B7F441A9C049B00D9E1B5 /* Supporting Files */ = {
			isa = PBXGroup;
			children = (
				088B7F451A9C049B00D9E1B5 /* Info.plist */,
				088B7F681A9C166400D9E1B5 /* Coaches.plist */,
			);
			name = "Supporting Files";
			sourceTree = "<group>";
		};
		088B7F591A9C049B00D9E1B5 /* Athlete Array KDH 23 FEB 2015Tests */ = {
			isa = PBXGroup;
			children = (
				088B7F5C1A9C049B00D9E1B5 /* Athlete_Array_KDH_23_FEB_2015Tests.swift */,
				088B7F5A1A9C049B00D9E1B5 /* Supporting Files */,
			);
			path = "Athlete Array KDH 23 FEB 2015Tests";
			sourceTree = "<group>";
		};
		088B7F5A1A9C049B00D9E1B5 /* Supporting Files */ = {
			isa = PBXGroup;
			children = (
				088B7F5B1A9C049B00D9E1B5 /* Info.plist */,
			);
			name = "Supporting Files";
			sourceTree = "<group>";
		};
/* End PBXGroup section */

/* Begin PBXNativeTarget section */
		088B7F401A9C049B00D9E1B5 /* Athlete Array KDH 23 FEB 2015 */ = {
			isa = PBXNativeTarget;
			buildConfigurationList = 088B7F601A9C049B00D9E1B5 /* Build configuration list for PBXNativeTarget "Athlete Array KDH 23 FEB 2015" */;
			buildPhases = (
				088B7F3D1A9C049B00D9E1B5 /* Sources */,
				088B7F3E1A9C049B00D9E1B5 /* Frameworks */,
				088B7F3F1A9C049B00D9E1B5 /* Resources */,
			);
			buildRules = (
			);
			dependencies = (
			);
			name = "Athlete Array KDH 23 FEB 2015";
			productName = "Athlete Array KDH 23 FEB 2015";
			productReference = 088B7F411A9C049B00D9E1B5 /* Athlete Array KDH 23 FEB 2015.app */;
			productType = "com.apple.product-type.application";
		};
		088B7F551A9C049B00D9E1B5 /* Athlete Array KDH 23 FEB 2015Tests */ = {
			isa = PBXNativeTarget;
			buildConfigurationList = 088B7F631A9C049B00D9E1B5 /* Build configuration list for PBXNativeTarget "Athlete Array KDH 23 FEB 2015Tests" */;
			buildPhases = (
				088B7F521A9C049B00D9E1B5 /* Sources */,
				088B7F531A9C049B00D9E1B5 /* Frameworks */,
				088B7F541A9C049B00D9E1B5 /* Resources */,
			);
			buildRules = (
			);
			dependencies = (
				088B7F581A9C049B00D9E1B5 /* PBXTargetDependency */,
			);
			name = "Athlete Array KDH 23 FEB 2015Tests";
			productName = "Athlete Array KDH 23 FEB 2015Tests";
			productReference = 088B7F561A9C049B00D9E1B5 /* Athlete Array KDH 23 FEB 2015Tests.xctest */;
			productType = "com.apple.product-type.bundle.unit-test";
		};
/* End PBXNativeTarget section */

/* Begin PBXProject section */
		088B7F391A9C049B00D9E1B5 /* Project object */ = {
			isa = PBXProject;
			attributes = {
				LastUpgradeCheck = 0610;
				ORGANIZATIONNAME = "Kathryn Hill";
				TargetAttributes = {
					088B7F401A9C049B00D9E1B5 = {
						CreatedOnToolsVersion = 6.1.1;
					};
					088B7F551A9C049B00D9E1B5 = {
						CreatedOnToolsVersion = 6.1.1;
						TestTargetID = 088B7F401A9C049B00D9E1B5;
					};
				};
			};
			buildConfigurationList = 088B7F3C1A9C049B00D9E1B5 /* Build configuration list for PBXProject "Athlete Array KDH 23 FEB 2015" */;
			compatibilityVersion = "Xcode 3.2";
			developmentRegion = English;
			hasScannedForEncodings = 0;
			knownRegions = (
				en,
				Base,
			);
			mainGroup = 088B7F381A9C049B00D9E1B5;
			productRefGroup = 088B7F421A9C049B00D9E1B5 /* Products */;
			projectDirPath = "";
			projectRoot = "";
			targets = (
				088B7F401A9C049B00D9E1B5 /* Athlete Array KDH 23 FEB 2015 */,
				088B7F551A9C049B00D9E1B5 /* Athlete Array KDH 23 FEB 2015Tests */,
			);
		};
/* End PBXProject section */

/* Begin PBXResourcesBuildPhase section */
		088B7F3F1A9C049B00D9E1B5 /* Resources */ = {
			isa = PBXResourcesBuildPhase;
			buildActionMask = 2147483647;
			files = (
				088B7F4C1A9C049B00D9E1B5 /* Main.storyboard in Resources */,
				088B7F691A9C166400D9E1B5 /* Coaches.plist in Resources */,
				088B7F511A9C049B00D9E1B5 /* LaunchScreen.xib in Resources */,
				088B7F4E1A9C049B00D9E1B5 /* Images.xcassets in Resources */,
			);
			runOnlyForDeploymentPostprocessing = 0;
		};
		088B7F541A9C049B00D9E1B5 /* Resources */ = {
			isa = PBXResourcesBuildPhase;
			buildActionMask = 2147483647;
			files = (
			);
			runOnlyForDeploymentPostprocessing = 0;
		};
/* End PBXResourcesBuildPhase section */

/* Begin PBXSourcesBuildPhase section */
		088B7F3D1A9C049B00D9E1B5 /* Sources */ = {
			isa = PBXSourcesBuildPhase;
			buildActionMask = 2147483647;
			files = (
				088B7F491A9C049B00D9E1B5 /* ViewController.swift in Sources */,
				088B7F471A9C049B00D9E1B5 /* AppDelegate.swift in Sources */,
			);
			runOnlyForDeploymentPostprocessing = 0;
		};
		088B7F521A9C049B00D9E1B5 /* Sources */ = {
			isa = PBXSourcesBuildPhase;
			buildActionMask = 2147483647;
			files = (
				088B7F5D1A9C049B00D9E1B5 /* Athlete_Array_KDH_23_FEB_2015Tests.swift in Sources */,
			);
			runOnlyForDeploymentPostprocessing = 0;
		};
/* End PBXSourcesBuildPhase section */

/* Begin PBXTargetDependency section */
		088B7F581A9C049B00D9E1B5 /* PBXTargetDependency */ = {
			isa = PBXTargetDependency;
			target = 088B7F401A9C049B00D9E1B5 /* Athlete Array KDH 23 FEB 2015 */;
			targetProxy = 088B7F571A9C049B00D9E1B5 /* PBXContainerItemProxy */;
		};
/* End PBXTargetDependency section */

/* Begin PBXVariantGroup section */
		088B7F4A1A9C049B00D9E1B5 /* Main.storyboard */ = {
			isa = PBXVariantGroup;
			children = (
				088B7F4B1A9C049B00D9E1B5 /* Base */,
			);
			name = Main.storyboard;
			sourceTree = "<group>";
		};
		088B7F4F1A9C049B00D9E1B5 /* LaunchScreen.xib */ = {
			isa = PBXVariantGroup;
			children = (
				088B7F501A9C049B00D9E1B5 /* Base */,
			);
			name = LaunchScreen.xib;
			sourceTree = "<group>";
		};
/* End PBXVariantGroup section */

/* Begin XCBuildConfiguration section */
		088B7F5E1A9C049B00D9E1B5 /* Debug */ = {
			isa = XCBuildConfiguration;
			buildSettings = {
				ALWAYS_SEARCH_USER_PATHS = NO;
				CLANG_CXX_LANGUAGE_STANDARD = "gnu++0x";
				CLANG_CXX_LIBRARY = "libc++";
				CLANG_ENABLE_MODULES = YES;
				CLANG_ENABLE_OBJC_ARC = YES;
				CLANG_WARN_BOOL_CONVERSION = YES;
				CLANG_WARN_CONSTANT_CONVERSION = YES;
				CLANG_WARN_DIRECT_OBJC_ISA_USAGE = YES_ERROR;
				CLANG_WARN_EMPTY_BODY = YES;
				CLANG_WARN_ENUM_CONVERSION = YES;
				CLANG_WARN_INT_CONVERSION = YES;
				CLANG_WARN_OBJC_ROOT_CLASS = YES_ERROR;
				CLANG_WARN_UNREACHABLE_CODE = YES;
				CLANG_WARN__DUPLICATE_METHOD_MATCH = YES;
				"CODE_SIGN_IDENTITY[sdk=iphoneos*]" = "iPhone Developer";
				COPY_PHASE_STRIP = NO;
				ENABLE_STRICT_OBJC_MSGSEND = YES;
				GCC_C_LANGUAGE_STANDARD = gnu99;
				GCC_DYNAMIC_NO_PIC = NO;
				GCC_OPTIMIZATION_LEVEL = 0;
				GCC_PREPROCESSOR_DEFINITIONS = (
					"DEBUG=1",
					"$(inherited)",
				);
				GCC_SYMBOLS_PRIVATE_EXTERN = NO;
				GCC_WARN_64_TO_32_BIT_CONVERSION = YES;
				GCC_WARN_ABOUT_RETURN_TYPE = YES_ERROR;
				GCC_WARN_UNDECLARED_SELECTOR = YES;
				GCC_WARN_UNINITIALIZED_AUTOS = YES_AGGRESSIVE;
				GCC_WARN_UNUSED_FUNCTION = YES;
				GCC_WARN_UNUSED_VARIABLE = YES;
				IPHONEOS_DEPLOYMENT_TARGET = 8.1;
				MTL_ENABLE_DEBUG_INFO = YES;
				ONLY_ACTIVE_ARCH = YES;
				SDKROOT = iphoneos;
				SWIFT_OPTIMIZATION_LEVEL = "-Onone";
				TARGETED_DEVICE_FAMILY = "1,2";
			};
			name = Debug;
		};
		088B7F5F1A9C049B00D9E1B5 /* Release */ = {
			isa = XCBuildConfiguration;
			buildSettings = {
				ALWAYS_SEARCH_USER_PATHS = NO;
				CLANG_CXX_LANGUAGE_STANDARD = "gnu++0x";
				CLANG_CXX_LIBRARY = "libc++";
				CLANG_ENABLE_MODULES = YES;
				CLANG_ENABLE_OBJC_ARC = YES;
				CLANG_WARN_BOOL_CONVERSION = YES;
				CLANG_WARN_CONSTANT_CONVERSION = YES;
				CLANG_WARN_DIRECT_OBJC_ISA_USAGE = YES_ERROR;
				CLANG_WARN_EMPTY_BODY = YES;
				CLANG_WARN_ENUM_CONVERSION = YES;
				CLANG_WARN_INT_CONVERSION = YES;
				CLANG_WARN_OBJC_ROOT_CLASS = YES_ERROR;
				CLANG_WARN_UNREACHABLE_CODE = YES;
				CLANG_WARN__DUPLICATE_METHOD_MATCH = YES;
				"CODE_SIGN_IDENTITY[sdk=iphoneos*]" = "iPhone Developer";
				COPY_PHASE_STRIP = YES;
				ENABLE_NS_ASSERTIONS = NO;
				ENABLE_STRICT_OBJC_MSGSEND = YES;
				GCC_C_LANGUAGE_STANDARD = gnu99;
				GCC_WARN_64_TO_32_BIT_CONVERSION = YES;
				GCC_WARN_ABOUT_RETURN_TYPE = YES_ERROR;
				GCC_WARN_UNDECLARED_SELECTOR = YES;
				GCC_WARN_UNINITIALIZED_AUTOS = YES_AGGRESSIVE;
				GCC_WARN_UNUSED_FUNCTION = YES;
				GCC_WARN_UNUSED_VARIABLE = YES;
				IPHONEOS_DEPLOYMENT_TARGET = 8.1;
				MTL_ENABLE_DEBUG_INFO = NO;
				SDKROOT = iphoneos;
				TARGETED_DEVICE_FAMILY = "1,2";
				VALIDATE_PRODUCT = YES;
			};
			name = Release;
		};
		088B7F611A9C049B00D9E1B5 /* Debug */ = {
			isa = XCBuildConfiguration;
			buildSettings = {
				ASSETCATALOG_COMPILER_APPICON_NAME = AppIcon;
				INFOPLIST_FILE = "Athlete Array KDH 23 FEB 2015/Info.plist";
				IPHONEOS_DEPLOYMENT_TARGET = 7.1;
				LD_RUNPATH_SEARCH_PATHS = "$(inherited) @executable_path/Frameworks";
				PRODUCT_NAME = "$(TARGET_NAME)";
			};
			name = Debug;
		};
		088B7F621A9C049B00D9E1B5 /* Release */ = {
			isa = XCBuildConfiguration;
			buildSettings = {
				ASSETCATALOG_COMPILER_APPICON_NAME = AppIcon;
				INFOPLIST_FILE = "Athlete Array KDH 23 FEB 2015/Info.plist";
				IPHONEOS_DEPLOYMENT_TARGET = 7.1;
				LD_RUNPATH_SEARCH_PATHS = "$(inherited) @executable_path/Frameworks";
				PRODUCT_NAME = "$(TARGET_NAME)";
			};
			name = Release;
		};
		088B7F641A9C049B00D9E1B5 /* Debug */ = {
			isa = XCBuildConfiguration;
			buildSettings = {
				BUNDLE_LOADER = "$(TEST_HOST)";
				FRAMEWORK_SEARCH_PATHS = (
					"$(SDKROOT)/Developer/Library/Frameworks",
					"$(inherited)",
				);
				GCC_PREPROCESSOR_DEFINITIONS = (
					"DEBUG=1",
					"$(inherited)",
				);
				INFOPLIST_FILE = "Athlete Array KDH 23 FEB 2015Tests/Info.plist";
				LD_RUNPATH_SEARCH_PATHS = "$(inherited) @executable_path/Frameworks @loader_path/Frameworks";
				PRODUCT_NAME = "$(TARGET_NAME)";
				TEST_HOST = "$(BUILT_PRODUCTS_DIR)/Athlete Array KDH 23 FEB 2015.app/Athlete Array KDH 23 FEB 2015";
			};
			name = Debug;
		};
		088B7F651A9C049B00D9E1B5 /* Release */ = {
			isa = XCBuildConfiguration;
			buildSettings = {
				BUNDLE_LOADER = "$(TEST_HOST)";
				FRAMEWORK_SEARCH_PATHS = (
					"$(SDKROOT)/Developer/Library/Frameworks",
					"$(inherited)",
				);
				INFOPLIST_FILE = "Athlete Array KDH 23 FEB 2015Tests/Info.plist";
				LD_RUNPATH_SEARCH_PATHS = "$(inherited) @executable_path/Frameworks @loader_path/Frameworks";
				PRODUCT_NAME = "$(TARGET_NAME)";
				TEST_HOST = "$(BUILT_PRODUCTS_DIR)/Athlete Array KDH 23 FEB 2015.app/Athlete Array KDH 23 FEB 2015";
			};
			name = Release;
		};
/* End XCBuildConfiguration section */

/* Begin XCConfigurationList section */
		088B7F3C1A9C049B00D9E1B5 /* Build configuration list for PBXProject "Athlete Array KDH 23 FEB 2015" */ = {
			isa = XCConfigurationList;
			buildConfigurations = (
				088B7F5E1A9C049B00D9E1B5 /* Debug */,
				088B7F5F1A9C049B00D9E1B5 /* Release */,
			);
			defaultConfigurationIsVisible = 0;
			defaultConfigurationName = Release;
		};
		088B7F601A9C049B00D9E1B5 /* Build configuration list for PBXNativeTarget "Athlete Array KDH 23 FEB 2015" */ = {
			isa = XCConfigurationList;
			buildConfigurations = (
				088B7F611A9C049B00D9E1B5 /* Debug */,
				088B7F621A9C049B00D9E1B5 /* Release */,
			);
			defaultConfigurationIsVisible = 0;
		};
		088B7F631A9C049B00D9E1B5 /* Build configuration list for PBXNativeTarget "Athlete Array KDH 23 FEB 2015Tests" */ = {
			isa = XCConfigurationList;
			buildConfigurations = (
				088B7F641A9C049B00D9E1B5 /* Debug */,
				088B7F651A9C049B00D9E1B5 /* Release */,
			);
			defaultConfigurationIsVisible = 0;
		};
/* End XCConfigurationList section */
	};
	rootObject = 088B7F391A9C049B00D9E1B5 /* Project object */;
}
