// !$*UTF8*$!
{
	archiveVersion = 1;
	classes = {
	};
	objectVersion = 46;
	objects = {

/* Begin PBXBuildFile section */
		08BA56421A99075E00BDE089 /* AppDelegate.swift in Sources */ = {isa = PBXBuildFile; fileRef = 08BA56411A99075E00BDE089 /* AppDelegate.swift */; };
		08BA56441A99075E00BDE089 /* ViewController.swift in Sources */ = {isa = PBXBuildFile; fileRef = 08BA56431A99075E00BDE089 /* ViewController.swift */; };
		08BA56491A99075E00BDE089 /* Images.xcassets in Resources */ = {isa = PBXBuildFile; fileRef = 08BA56481A99075E00BDE089 /* Images.xcassets */; };
		08BA564C1A99075E00BDE089 /* LaunchScreen.xib in Resources */ = {isa = PBXBuildFile; fileRef = 08BA564A1A99075E00BDE089 /* LaunchScreen.xib */; };
		08BA56581A99075E00BDE089 /* NEW_Midterm_CalculatorTests.swift in Sources */ = {isa = PBXBuildFile; fileRef = 08BA56571A99075E00BDE089 /* NEW_Midterm_CalculatorTests.swift */; };
		08BC15D91AA3B8A300FEA76B /* Main.storyboard in Resources */ = {isa = PBXBuildFile; fileRef = 08BC15D81AA3B8A300FEA76B /* Main.storyboard */; };
/* End PBXBuildFile section */

/* Begin PBXContainerItemProxy section */
		08BA56521A99075E00BDE089 /* PBXContainerItemProxy */ = {
			isa = PBXContainerItemProxy;
			containerPortal = 08BA56341A99075E00BDE089 /* Project object */;
			proxyType = 1;
			remoteGlobalIDString = 08BA563B1A99075E00BDE089;
			remoteInfo = "NEW Midterm Calculator";
		};
/* End PBXContainerItemProxy section */

/* Begin PBXFileReference section */
		08BA563C1A99075E00BDE089 /* NEW Midterm Calculator.app */ = {isa = PBXFileReference; explicitFileType = wrapper.application; includeInIndex = 0; path = "NEW Midterm Calculator.app"; sourceTree = BUILT_PRODUCTS_DIR; };
		08BA56401A99075E00BDE089 /* Info.plist */ = {isa = PBXFileReference; lastKnownFileType = text.plist.xml; path = Info.plist; sourceTree = "<group>"; };
		08BA56411A99075E00BDE089 /* AppDelegate.swift */ = {isa = PBXFileReference; lastKnownFileType = sourcecode.swift; path = AppDelegate.swift; sourceTree = "<group>"; };
		08BA56431A99075E00BDE089 /* ViewController.swift */ = {isa = PBXFileReference; lastKnownFileType = sourcecode.swift; path = ViewController.swift; sourceTree = "<group>"; };
		08BA56481A99075E00BDE089 /* Images.xcassets */ = {isa = PBXFileReference; lastKnownFileType = folder.assetcatalog; path = Images.xcassets; sourceTree = "<group>"; };
		08BA564B1A99075E00BDE089 /* Base */ = {isa = PBXFileReference; lastKnownFileType = file.xib; name = Base; path = Base.lproj/LaunchScreen.xib; sourceTree = "<group>"; };
		08BA56511A99075E00BDE089 /* NEW Midterm CalculatorTests.xctest */ = {isa = PBXFileReference; explicitFileType = wrapper.cfbundle; includeInIndex = 0; path = "NEW Midterm CalculatorTests.xctest"; sourceTree = BUILT_PRODUCTS_DIR; };
		08BA56561A99075E00BDE089 /* Info.plist */ = {isa = PBXFileReference; lastKnownFileType = text.plist.xml; path = Info.plist; sourceTree = "<group>"; };
		08BA56571A99075E00BDE089 /* NEW_Midterm_CalculatorTests.swift */ = {isa = PBXFileReference; lastKnownFileType = sourcecode.swift; path = NEW_Midterm_CalculatorTests.swift; sourceTree = "<group>"; };
		08BC15D81AA3B8A300FEA76B /* Main.storyboard */ = {isa = PBXFileReference; fileEncoding = 4; lastKnownFileType = file.storyboard; path = Main.storyboard; sourceTree = "<group>"; };
/* End PBXFileReference section */

/* Begin PBXFrameworksBuildPhase section */
		08BA56391A99075E00BDE089 /* Frameworks */ = {
			isa = PBXFrameworksBuildPhase;
			buildActionMask = 2147483647;
			files = (
			);
			runOnlyForDeploymentPostprocessing = 0;
		};
		08BA564E1A99075E00BDE089 /* Frameworks */ = {
			isa = PBXFrameworksBuildPhase;
			buildActionMask = 2147483647;
			files = (
			);
			runOnlyForDeploymentPostprocessing = 0;
		};
/* End PBXFrameworksBuildPhase section */

/* Begin PBXGroup section */
		08BA56331A99075E00BDE089 = {
			isa = PBXGroup;
			children = (
				08BA563E1A99075E00BDE089 /* NEW Midterm Calculator */,
				08BA56541A99075E00BDE089 /* NEW Midterm CalculatorTests */,
				08BA563D1A99075E00BDE089 /* Products */,
			);
			sourceTree = "<group>";
		};
		08BA563D1A99075E00BDE089 /* Products */ = {
			isa = PBXGroup;
			children = (
				08BA563C1A99075E00BDE089 /* NEW Midterm Calculator.app */,
				08BA56511A99075E00BDE089 /* NEW Midterm CalculatorTests.xctest */,
			);
			name = Products;
			sourceTree = "<group>";
		};
		08BA563E1A99075E00BDE089 /* NEW Midterm Calculator */ = {
			isa = PBXGroup;
			children = (
				08BA56411A99075E00BDE089 /* AppDelegate.swift */,
				08BA56431A99075E00BDE089 /* ViewController.swift */,
				08BC15D81AA3B8A300FEA76B /* Main.storyboard */,
				08BA56481A99075E00BDE089 /* Images.xcassets */,
				08BA564A1A99075E00BDE089 /* LaunchScreen.xib */,
				08BA563F1A99075E00BDE089 /* Supporting Files */,
			);
			path = "NEW Midterm Calculator";
			sourceTree = "<group>";
		};
		08BA563F1A99075E00BDE089 /* Supporting Files */ = {
			isa = PBXGroup;
			children = (
				08BA56401A99075E00BDE089 /* Info.plist */,
			);
			name = "Supporting Files";
			sourceTree = "<group>";
		};
		08BA56541A99075E00BDE089 /* NEW Midterm CalculatorTests */ = {
			isa = PBXGroup;
			children = (
				08BA56571A99075E00BDE089 /* NEW_Midterm_CalculatorTests.swift */,
				08BA56551A99075E00BDE089 /* Supporting Files */,
			);
			path = "NEW Midterm CalculatorTests";
			sourceTree = "<group>";
		};
		08BA56551A99075E00BDE089 /* Supporting Files */ = {
			isa = PBXGroup;
			children = (
				08BA56561A99075E00BDE089 /* Info.plist */,
			);
			name = "Supporting Files";
			sourceTree = "<group>";
		};
/* End PBXGroup section */

/* Begin PBXNativeTarget section */
		08BA563B1A99075E00BDE089 /* NEW Midterm Calculator */ = {
			isa = PBXNativeTarget;
			buildConfigurationList = 08BA565B1A99075E00BDE089 /* Build configuration list for PBXNativeTarget "NEW Midterm Calculator" */;
			buildPhases = (
				08BA56381A99075E00BDE089 /* Sources */,
				08BA56391A99075E00BDE089 /* Frameworks */,
				08BA563A1A99075E00BDE089 /* Resources */,
			);
			buildRules = (
			);
			dependencies = (
			);
			name = "NEW Midterm Calculator";
			productName = "NEW Midterm Calculator";
			productReference = 08BA563C1A99075E00BDE089 /* NEW Midterm Calculator.app */;
			productType = "com.apple.product-type.application";
		};
		08BA56501A99075E00BDE089 /* NEW Midterm CalculatorTests */ = {
			isa = PBXNativeTarget;
			buildConfigurationList = 08BA565E1A99075E00BDE089 /* Build configuration list for PBXNativeTarget "NEW Midterm CalculatorTests" */;
			buildPhases = (
				08BA564D1A99075E00BDE089 /* Sources */,
				08BA564E1A99075E00BDE089 /* Frameworks */,
				08BA564F1A99075E00BDE089 /* Resources */,
			);
			buildRules = (
			);
			dependencies = (
				08BA56531A99075E00BDE089 /* PBXTargetDependency */,
			);
			name = "NEW Midterm CalculatorTests";
			productName = "NEW Midterm CalculatorTests";
			productReference = 08BA56511A99075E00BDE089 /* NEW Midterm CalculatorTests.xctest */;
			productType = "com.apple.product-type.bundle.unit-test";
		};
/* End PBXNativeTarget section */

/* Begin PBXProject section */
		08BA56341A99075E00BDE089 /* Project object */ = {
			isa = PBXProject;
			attributes = {
				LastUpgradeCheck = 0610;
				ORGANIZATIONNAME = "Kathryn Hill";
				TargetAttributes = {
					08BA563B1A99075E00BDE089 = {
						CreatedOnToolsVersion = 6.1.1;
					};
					08BA56501A99075E00BDE089 = {
						CreatedOnToolsVersion = 6.1.1;
						TestTargetID = 08BA563B1A99075E00BDE089;
					};
				};
			};
			buildConfigurationList = 08BA56371A99075E00BDE089 /* Build configuration list for PBXProject "NEW Midterm Calculator" */;
			compatibilityVersion = "Xcode 3.2";
			developmentRegion = English;
			hasScannedForEncodings = 0;
			knownRegions = (
				en,
				Base,
			);
			mainGroup = 08BA56331A99075E00BDE089;
			productRefGroup = 08BA563D1A99075E00BDE089 /* Products */;
			projectDirPath = "";
			projectRoot = "";
			targets = (
				08BA563B1A99075E00BDE089 /* NEW Midterm Calculator */,
				08BA56501A99075E00BDE089 /* NEW Midterm CalculatorTests */,
			);
		};
/* End PBXProject section */

/* Begin PBXResourcesBuildPhase section */
		08BA563A1A99075E00BDE089 /* Resources */ = {
			isa = PBXResourcesBuildPhase;
			buildActionMask = 2147483647;
			files = (
				08BA564C1A99075E00BDE089 /* LaunchScreen.xib in Resources */,
				08BA56491A99075E00BDE089 /* Images.xcassets in Resources */,
				08BC15D91AA3B8A300FEA76B /* Main.storyboard in Resources */,
			);
			runOnlyForDeploymentPostprocessing = 0;
		};
		08BA564F1A99075E00BDE089 /* Resources */ = {
			isa = PBXResourcesBuildPhase;
			buildActionMask = 2147483647;
			files = (
			);
			runOnlyForDeploymentPostprocessing = 0;
		};
/* End PBXResourcesBuildPhase section */

/* Begin PBXSourcesBuildPhase section */
		08BA56381A99075E00BDE089 /* Sources */ = {
			isa = PBXSourcesBuildPhase;
			buildActionMask = 2147483647;
			files = (
				08BA56441A99075E00BDE089 /* ViewController.swift in Sources */,
				08BA56421A99075E00BDE089 /* AppDelegate.swift in Sources */,
			);
			runOnlyForDeploymentPostprocessing = 0;
		};
		08BA564D1A99075E00BDE089 /* Sources */ = {
			isa = PBXSourcesBuildPhase;
			buildActionMask = 2147483647;
			files = (
				08BA56581A99075E00BDE089 /* NEW_Midterm_CalculatorTests.swift in Sources */,
			);
			runOnlyForDeploymentPostprocessing = 0;
		};
/* End PBXSourcesBuildPhase section */

/* Begin PBXTargetDependency section */
		08BA56531A99075E00BDE089 /* PBXTargetDependency */ = {
			isa = PBXTargetDependency;
			target = 08BA563B1A99075E00BDE089 /* NEW Midterm Calculator */;
			targetProxy = 08BA56521A99075E00BDE089 /* PBXContainerItemProxy */;
		};
/* End PBXTargetDependency section */

/* Begin PBXVariantGroup section */
		08BA564A1A99075E00BDE089 /* LaunchScreen.xib */ = {
			isa = PBXVariantGroup;
			children = (
				08BA564B1A99075E00BDE089 /* Base */,
			);
			name = LaunchScreen.xib;
			sourceTree = "<group>";
		};
/* End PBXVariantGroup section */

/* Begin XCBuildConfiguration section */
		08BA56591A99075E00BDE089 /* Debug */ = {
			isa = XCBuildConfiguration;
			buildSettings = {
				ALWAYS_SEARCH_USER_PATHS = NO;
				CLANG_CXX_LANGUAGE_STANDARD = "gnu++0x";
				CLANG_CXX_LIBRARY = "libc++";
				CLANG_ENABLE_MODULES = YES;
				CLANG_ENABLE_OBJC_ARC = YES;
				CLANG_WARN_BOOL_CONVERSION = YES;
				CLANG_WARN_CONSTANT_CONVERSION = YES;
				CLANG_WARN_DIRECT_OBJC_ISA_USAGE = YES_ERROR;
				CLANG_WARN_EMPTY_BODY = YES;
				CLANG_WARN_ENUM_CONVERSION = YES;
				CLANG_WARN_INT_CONVERSION = YES;
				CLANG_WARN_OBJC_ROOT_CLASS = YES_ERROR;
				CLANG_WARN_UNREACHABLE_CODE = YES;
				CLANG_WARN__DUPLICATE_METHOD_MATCH = YES;
				"CODE_SIGN_IDENTITY[sdk=iphoneos*]" = "iPhone Developer";
				COPY_PHASE_STRIP = NO;
				ENABLE_STRICT_OBJC_MSGSEND = YES;
				GCC_C_LANGUAGE_STANDARD = gnu99;
				GCC_DYNAMIC_NO_PIC = NO;
				GCC_OPTIMIZATION_LEVEL = 0;
				GCC_PREPROCESSOR_DEFINITIONS = (
					"DEBUG=1",
					"$(inherited)",
				);
				GCC_SYMBOLS_PRIVATE_EXTERN = NO;
				GCC_WARN_64_TO_32_BIT_CONVERSION = YES;
				GCC_WARN_ABOUT_RETURN_TYPE = YES_ERROR;
				GCC_WARN_UNDECLARED_SELECTOR = YES;
				GCC_WARN_UNINITIALIZED_AUTOS = YES_AGGRESSIVE;
				GCC_WARN_UNUSED_FUNCTION = YES;
				GCC_WARN_UNUSED_VARIABLE = YES;
				IPHONEOS_DEPLOYMENT_TARGET = 8.1;
				MTL_ENABLE_DEBUG_INFO = YES;
				ONLY_ACTIVE_ARCH = YES;
				SDKROOT = iphoneos;
				SWIFT_OPTIMIZATION_LEVEL = "-Onone";
				TARGETED_DEVICE_FAMILY = "1,2";
			};
			name = Debug;
		};
		08BA565A1A99075E00BDE089 /* Release */ = {
			isa = XCBuildConfiguration;
			buildSettings = {
				ALWAYS_SEARCH_USER_PATHS = NO;
				CLANG_CXX_LANGUAGE_STANDARD = "gnu++0x";
				CLANG_CXX_LIBRARY = "libc++";
				CLANG_ENABLE_MODULES = YES;
				CLANG_ENABLE_OBJC_ARC = YES;
				CLANG_WARN_BOOL_CONVERSION = YES;
				CLANG_WARN_CONSTANT_CONVERSION = YES;
				CLANG_WARN_DIRECT_OBJC_ISA_USAGE = YES_ERROR;
				CLANG_WARN_EMPTY_BODY = YES;
				CLANG_WARN_ENUM_CONVERSION = YES;
				CLANG_WARN_INT_CONVERSION = YES;
				CLANG_WARN_OBJC_ROOT_CLASS = YES_ERROR;
				CLANG_WARN_UNREACHABLE_CODE = YES;
				CLANG_WARN__DUPLICATE_METHOD_MATCH = YES;
				"CODE_SIGN_IDENTITY[sdk=iphoneos*]" = "iPhone Developer";
				COPY_PHASE_STRIP = YES;
				ENABLE_NS_ASSERTIONS = NO;
				ENABLE_STRICT_OBJC_MSGSEND = YES;
				GCC_C_LANGUAGE_STANDARD = gnu99;
				GCC_WARN_64_TO_32_BIT_CONVERSION = YES;
				GCC_WARN_ABOUT_RETURN_TYPE = YES_ERROR;
				GCC_WARN_UNDECLARED_SELECTOR = YES;
				GCC_WARN_UNINITIALIZED_AUTOS = YES_AGGRESSIVE;
				GCC_WARN_UNUSED_FUNCTION = YES;
				GCC_WARN_UNUSED_VARIABLE = YES;
				IPHONEOS_DEPLOYMENT_TARGET = 8.1;
				MTL_ENABLE_DEBUG_INFO = NO;
				SDKROOT = iphoneos;
				TARGETED_DEVICE_FAMILY = "1,2";
				VALIDATE_PRODUCT = YES;
			};
			name = Release;
		};
		08BA565C1A99075E00BDE089 /* Debug */ = {
			isa = XCBuildConfiguration;
			buildSettings = {
				ASSETCATALOG_COMPILER_APPICON_NAME = AppIcon;
				INFOPLIST_FILE = "NEW Midterm Calculator/Info.plist";
				IPHONEOS_DEPLOYMENT_TARGET = 7.1;
				LD_RUNPATH_SEARCH_PATHS = "$(inherited) @executable_path/Frameworks";
				PRODUCT_NAME = "$(TARGET_NAME)";
			};
			name = Debug;
		};
		08BA565D1A99075E00BDE089 /* Release */ = {
			isa = XCBuildConfiguration;
			buildSettings = {
				ASSETCATALOG_COMPILER_APPICON_NAME = AppIcon;
				INFOPLIST_FILE = "NEW Midterm Calculator/Info.plist";
				IPHONEOS_DEPLOYMENT_TARGET = 7.1;
				LD_RUNPATH_SEARCH_PATHS = "$(inherited) @executable_path/Frameworks";
				PRODUCT_NAME = "$(TARGET_NAME)";
			};
			name = Release;
		};
		08BA565F1A99075E00BDE089 /* Debug */ = {
			isa = XCBuildConfiguration;
			buildSettings = {
				BUNDLE_LOADER = "$(TEST_HOST)";
				FRAMEWORK_SEARCH_PATHS = (
					"$(SDKROOT)/Developer/Library/Frameworks",
					"$(inherited)",
				);
				GCC_PREPROCESSOR_DEFINITIONS = (
					"DEBUG=1",
					"$(inherited)",
				);
				INFOPLIST_FILE = "NEW Midterm CalculatorTests/Info.plist";
				LD_RUNPATH_SEARCH_PATHS = "$(inherited) @executable_path/Frameworks @loader_path/Frameworks";
				PRODUCT_NAME = "$(TARGET_NAME)";
				TEST_HOST = "$(BUILT_PRODUCTS_DIR)/NEW Midterm Calculator.app/NEW Midterm Calculator";
			};
			name = Debug;
		};
		08BA56601A99075E00BDE089 /* Release */ = {
			isa = XCBuildConfiguration;
			buildSettings = {
				BUNDLE_LOADER = "$(TEST_HOST)";
				FRAMEWORK_SEARCH_PATHS = (
					"$(SDKROOT)/Developer/Library/Frameworks",
					"$(inherited)",
				);
				INFOPLIST_FILE = "NEW Midterm CalculatorTests/Info.plist";
				LD_RUNPATH_SEARCH_PATHS = "$(inherited) @executable_path/Frameworks @loader_path/Frameworks";
				PRODUCT_NAME = "$(TARGET_NAME)";
				TEST_HOST = "$(BUILT_PRODUCTS_DIR)/NEW Midterm Calculator.app/NEW Midterm Calculator";
			};
			name = Release;
		};
/* End XCBuildConfiguration section */

/* Begin XCConfigurationList section */
		08BA56371A99075E00BDE089 /* Build configuration list for PBXProject "NEW Midterm Calculator" */ = {
			isa = XCConfigurationList;
			buildConfigurations = (
				08BA56591A99075E00BDE089 /* Debug */,
				08BA565A1A99075E00BDE089 /* Release */,
			);
			defaultConfigurationIsVisible = 0;
			defaultConfigurationName = Release;
		};
		08BA565B1A99075E00BDE089 /* Build configuration list for PBXNativeTarget "NEW Midterm Calculator" */ = {
			isa = XCConfigurationList;
			buildConfigurations = (
				08BA565C1A99075E00BDE089 /* Debug */,
				08BA565D1A99075E00BDE089 /* Release */,
			);
			defaultConfigurationIsVisible = 0;
			defaultConfigurationName = Release;
		};
		08BA565E1A99075E00BDE089 /* Build configuration list for PBXNativeTarget "NEW Midterm CalculatorTests" */ = {
			isa = XCConfigurationList;
			buildConfigurations = (
				08BA565F1A99075E00BDE089 /* Debug */,
				08BA56601A99075E00BDE089 /* Release */,
			);
			defaultConfigurationIsVisible = 0;
			defaultConfigurationName = Release;
		};
/* End XCConfigurationList section */
	};
	rootObject = 08BA56341A99075E00BDE089 /* Project object */;
}
