// !$*UTF8*$!
{
	archiveVersion = 1;
	classes = {
	};
	objectVersion = 46;
	objects = {

/* Begin PBXBuildFile section */
		08C60A911AAE5D7B001A09AC /* AppDelegate.swift in Sources */ = {isa = PBXBuildFile; fileRef = 08C60A901AAE5D7B001A09AC /* AppDelegate.swift */; };
		08C60A931AAE5D7B001A09AC /* ViewController.swift in Sources */ = {isa = PBXBuildFile; fileRef = 08C60A921AAE5D7B001A09AC /* ViewController.swift */; };
		08C60A961AAE5D7B001A09AC /* Main.storyboard in Resources */ = {isa = PBXBuildFile; fileRef = 08C60A941AAE5D7B001A09AC /* Main.storyboard */; };
		08C60A981AAE5D7B001A09AC /* Images.xcassets in Resources */ = {isa = PBXBuildFile; fileRef = 08C60A971AAE5D7B001A09AC /* Images.xcassets */; };
		08C60A9B1AAE5D7B001A09AC /* LaunchScreen.xib in Resources */ = {isa = PBXBuildFile; fileRef = 08C60A991AAE5D7B001A09AC /* LaunchScreen.xib */; };
		08C60AA71AAE5D7B001A09AC /* Opean_WeatherTests.swift in Sources */ = {isa = PBXBuildFile; fileRef = 08C60AA61AAE5D7B001A09AC /* Opean_WeatherTests.swift */; };
		08C60AB11AAE6703001A09AC /* weather.swift in Sources */ = {isa = PBXBuildFile; fileRef = 08C60AB01AAE6703001A09AC /* weather.swift */; };
/* End PBXBuildFile section */

/* Begin PBXContainerItemProxy section */
		08C60AA11AAE5D7B001A09AC /* PBXContainerItemProxy */ = {
			isa = PBXContainerItemProxy;
			containerPortal = 08C60A831AAE5D7B001A09AC /* Project object */;
			proxyType = 1;
			remoteGlobalIDString = 08C60A8A1AAE5D7B001A09AC;
			remoteInfo = "Opean Weather";
		};
/* End PBXContainerItemProxy section */

/* Begin PBXFileReference section */
		08C60A8B1AAE5D7B001A09AC /* Opean Weather.app */ = {isa = PBXFileReference; explicitFileType = wrapper.application; includeInIndex = 0; path = "Opean Weather.app"; sourceTree = BUILT_PRODUCTS_DIR; };
		08C60A8F1AAE5D7B001A09AC /* Info.plist */ = {isa = PBXFileReference; lastKnownFileType = text.plist.xml; path = Info.plist; sourceTree = "<group>"; };
		08C60A901AAE5D7B001A09AC /* AppDelegate.swift */ = {isa = PBXFileReference; lastKnownFileType = sourcecode.swift; path = AppDelegate.swift; sourceTree = "<group>"; };
		08C60A921AAE5D7B001A09AC /* ViewController.swift */ = {isa = PBXFileReference; lastKnownFileType = sourcecode.swift; path = ViewController.swift; sourceTree = "<group>"; };
		08C60A951AAE5D7B001A09AC /* Base */ = {isa = PBXFileReference; lastKnownFileType = file.storyboard; name = Base; path = Base.lproj/Main.storyboard; sourceTree = "<group>"; };
		08C60A971AAE5D7B001A09AC /* Images.xcassets */ = {isa = PBXFileReference; lastKnownFileType = folder.assetcatalog; path = Images.xcassets; sourceTree = "<group>"; };
		08C60A9A1AAE5D7B001A09AC /* Base */ = {isa = PBXFileReference; lastKnownFileType = file.xib; name = Base; path = Base.lproj/LaunchScreen.xib; sourceTree = "<group>"; };
		08C60AA01AAE5D7B001A09AC /* Opean WeatherTests.xctest */ = {isa = PBXFileReference; explicitFileType = wrapper.cfbundle; includeInIndex = 0; path = "Opean WeatherTests.xctest"; sourceTree = BUILT_PRODUCTS_DIR; };
		08C60AA51AAE5D7B001A09AC /* Info.plist */ = {isa = PBXFileReference; lastKnownFileType = text.plist.xml; path = Info.plist; sourceTree = "<group>"; };
		08C60AA61AAE5D7B001A09AC /* Opean_WeatherTests.swift */ = {isa = PBXFileReference; lastKnownFileType = sourcecode.swift; path = Opean_WeatherTests.swift; sourceTree = "<group>"; };
		08C60AB01AAE6703001A09AC /* weather.swift */ = {isa = PBXFileReference; fileEncoding = 4; lastKnownFileType = sourcecode.swift; path = weather.swift; sourceTree = "<group>"; };
/* End PBXFileReference section */

/* Begin PBXFrameworksBuildPhase section */
		08C60A881AAE5D7B001A09AC /* Frameworks */ = {
			isa = PBXFrameworksBuildPhase;
			buildActionMask = 2147483647;
			files = (
			);
			runOnlyForDeploymentPostprocessing = 0;
		};
		08C60A9D1AAE5D7B001A09AC /* Frameworks */ = {
			isa = PBXFrameworksBuildPhase;
			buildActionMask = 2147483647;
			files = (
			);
			runOnlyForDeploymentPostprocessing = 0;
		};
/* End PBXFrameworksBuildPhase section */

/* Begin PBXGroup section */
		08C60A821AAE5D7B001A09AC = {
			isa = PBXGroup;
			children = (
				08C60A8D1AAE5D7B001A09AC /* Opean Weather */,
				08C60AA31AAE5D7B001A09AC /* Opean WeatherTests */,
				08C60A8C1AAE5D7B001A09AC /* Products */,
			);
			sourceTree = "<group>";
		};
		08C60A8C1AAE5D7B001A09AC /* Products */ = {
			isa = PBXGroup;
			children = (
				08C60A8B1AAE5D7B001A09AC /* Opean Weather.app */,
				08C60AA01AAE5D7B001A09AC /* Opean WeatherTests.xctest */,
			);
			name = Products;
			sourceTree = "<group>";
		};
		08C60A8D1AAE5D7B001A09AC /* Opean Weather */ = {
			isa = PBXGroup;
			children = (
				08C60A901AAE5D7B001A09AC /* AppDelegate.swift */,
				08C60A921AAE5D7B001A09AC /* ViewController.swift */,
				08C60A941AAE5D7B001A09AC /* Main.storyboard */,
				08C60A971AAE5D7B001A09AC /* Images.xcassets */,
				08C60A991AAE5D7B001A09AC /* LaunchScreen.xib */,
				08C60A8E1AAE5D7B001A09AC /* Supporting Files */,
				08C60AB01AAE6703001A09AC /* weather.swift */,
			);
			path = "Opean Weather";
			sourceTree = "<group>";
		};
		08C60A8E1AAE5D7B001A09AC /* Supporting Files */ = {
			isa = PBXGroup;
			children = (
				08C60A8F1AAE5D7B001A09AC /* Info.plist */,
			);
			name = "Supporting Files";
			sourceTree = "<group>";
		};
		08C60AA31AAE5D7B001A09AC /* Opean WeatherTests */ = {
			isa = PBXGroup;
			children = (
				08C60AA61AAE5D7B001A09AC /* Opean_WeatherTests.swift */,
				08C60AA41AAE5D7B001A09AC /* Supporting Files */,
			);
			path = "Opean WeatherTests";
			sourceTree = "<group>";
		};
		08C60AA41AAE5D7B001A09AC /* Supporting Files */ = {
			isa = PBXGroup;
			children = (
				08C60AA51AAE5D7B001A09AC /* Info.plist */,
			);
			name = "Supporting Files";
			sourceTree = "<group>";
		};
/* End PBXGroup section */

/* Begin PBXNativeTarget section */
		08C60A8A1AAE5D7B001A09AC /* Opean Weather */ = {
			isa = PBXNativeTarget;
			buildConfigurationList = 08C60AAA1AAE5D7B001A09AC /* Build configuration list for PBXNativeTarget "Opean Weather" */;
			buildPhases = (
				08C60A871AAE5D7B001A09AC /* Sources */,
				08C60A881AAE5D7B001A09AC /* Frameworks */,
				08C60A891AAE5D7B001A09AC /* Resources */,
			);
			buildRules = (
			);
			dependencies = (
			);
			name = "Opean Weather";
			productName = "Opean Weather";
			productReference = 08C60A8B1AAE5D7B001A09AC /* Opean Weather.app */;
			productType = "com.apple.product-type.application";
		};
		08C60A9F1AAE5D7B001A09AC /* Opean WeatherTests */ = {
			isa = PBXNativeTarget;
			buildConfigurationList = 08C60AAD1AAE5D7B001A09AC /* Build configuration list for PBXNativeTarget "Opean WeatherTests" */;
			buildPhases = (
				08C60A9C1AAE5D7B001A09AC /* Sources */,
				08C60A9D1AAE5D7B001A09AC /* Frameworks */,
				08C60A9E1AAE5D7B001A09AC /* Resources */,
			);
			buildRules = (
			);
			dependencies = (
				08C60AA21AAE5D7B001A09AC /* PBXTargetDependency */,
			);
			name = "Opean WeatherTests";
			productName = "Opean WeatherTests";
			productReference = 08C60AA01AAE5D7B001A09AC /* Opean WeatherTests.xctest */;
			productType = "com.apple.product-type.bundle.unit-test";
		};
/* End PBXNativeTarget section */

/* Begin PBXProject section */
		08C60A831AAE5D7B001A09AC /* Project object */ = {
			isa = PBXProject;
			attributes = {
				LastUpgradeCheck = 0610;
				ORGANIZATIONNAME = "Kathryn Hill";
				TargetAttributes = {
					08C60A8A1AAE5D7B001A09AC = {
						CreatedOnToolsVersion = 6.1.1;
					};
					08C60A9F1AAE5D7B001A09AC = {
						CreatedOnToolsVersion = 6.1.1;
						TestTargetID = 08C60A8A1AAE5D7B001A09AC;
					};
				};
			};
			buildConfigurationList = 08C60A861AAE5D7B001A09AC /* Build configuration list for PBXProject "Opean Weather" */;
			compatibilityVersion = "Xcode 3.2";
			developmentRegion = English;
			hasScannedForEncodings = 0;
			knownRegions = (
				en,
				Base,
			);
			mainGroup = 08C60A821AAE5D7B001A09AC;
			productRefGroup = 08C60A8C1AAE5D7B001A09AC /* Products */;
			projectDirPath = "";
			projectRoot = "";
			targets = (
				08C60A8A1AAE5D7B001A09AC /* Opean Weather */,
				08C60A9F1AAE5D7B001A09AC /* Opean WeatherTests */,
			);
		};
/* End PBXProject section */

/* Begin PBXResourcesBuildPhase section */
		08C60A891AAE5D7B001A09AC /* Resources */ = {
			isa = PBXResourcesBuildPhase;
			buildActionMask = 2147483647;
			files = (
				08C60A961AAE5D7B001A09AC /* Main.storyboard in Resources */,
				08C60A9B1AAE5D7B001A09AC /* LaunchScreen.xib in Resources */,
				08C60A981AAE5D7B001A09AC /* Images.xcassets in Resources */,
			);
			runOnlyForDeploymentPostprocessing = 0;
		};
		08C60A9E1AAE5D7B001A09AC /* Resources */ = {
			isa = PBXResourcesBuildPhase;
			buildActionMask = 2147483647;
			files = (
			);
			runOnlyForDeploymentPostprocessing = 0;
		};
/* End PBXResourcesBuildPhase section */

/* Begin PBXSourcesBuildPhase section */
		08C60A871AAE5D7B001A09AC /* Sources */ = {
			isa = PBXSourcesBuildPhase;
			buildActionMask = 2147483647;
			files = (
				08C60A931AAE5D7B001A09AC /* ViewController.swift in Sources */,
				08C60A911AAE5D7B001A09AC /* AppDelegate.swift in Sources */,
				08C60AB11AAE6703001A09AC /* weather.swift in Sources */,
			);
			runOnlyForDeploymentPostprocessing = 0;
		};
		08C60A9C1AAE5D7B001A09AC /* Sources */ = {
			isa = PBXSourcesBuildPhase;
			buildActionMask = 2147483647;
			files = (
				08C60AA71AAE5D7B001A09AC /* Opean_WeatherTests.swift in Sources */,
			);
			runOnlyForDeploymentPostprocessing = 0;
		};
/* End PBXSourcesBuildPhase section */

/* Begin PBXTargetDependency section */
		08C60AA21AAE5D7B001A09AC /* PBXTargetDependency */ = {
			isa = PBXTargetDependency;
			target = 08C60A8A1AAE5D7B001A09AC /* Opean Weather */;
			targetProxy = 08C60AA11AAE5D7B001A09AC /* PBXContainerItemProxy */;
		};
/* End PBXTargetDependency section */

/* Begin PBXVariantGroup section */
		08C60A941AAE5D7B001A09AC /* Main.storyboard */ = {
			isa = PBXVariantGroup;
			children = (
				08C60A951AAE5D7B001A09AC /* Base */,
			);
			name = Main.storyboard;
			sourceTree = "<group>";
		};
		08C60A991AAE5D7B001A09AC /* LaunchScreen.xib */ = {
			isa = PBXVariantGroup;
			children = (
				08C60A9A1AAE5D7B001A09AC /* Base */,
			);
			name = LaunchScreen.xib;
			sourceTree = "<group>";
		};
/* End PBXVariantGroup section */

/* Begin XCBuildConfiguration section */
		08C60AA81AAE5D7B001A09AC /* Debug */ = {
			isa = XCBuildConfiguration;
			buildSettings = {
				ALWAYS_SEARCH_USER_PATHS = NO;
				CLANG_CXX_LANGUAGE_STANDARD = "gnu++0x";
				CLANG_CXX_LIBRARY = "libc++";
				CLANG_ENABLE_MODULES = YES;
				CLANG_ENABLE_OBJC_ARC = YES;
				CLANG_WARN_BOOL_CONVERSION = YES;
				CLANG_WARN_CONSTANT_CONVERSION = YES;
				CLANG_WARN_DIRECT_OBJC_ISA_USAGE = YES_ERROR;
				CLANG_WARN_EMPTY_BODY = YES;
				CLANG_WARN_ENUM_CONVERSION = YES;
				CLANG_WARN_INT_CONVERSION = YES;
				CLANG_WARN_OBJC_ROOT_CLASS = YES_ERROR;
				CLANG_WARN_UNREACHABLE_CODE = YES;
				CLANG_WARN__DUPLICATE_METHOD_MATCH = YES;
				"CODE_SIGN_IDENTITY[sdk=iphoneos*]" = "iPhone Developer";
				COPY_PHASE_STRIP = NO;
				ENABLE_STRICT_OBJC_MSGSEND = YES;
				GCC_C_LANGUAGE_STANDARD = gnu99;
				GCC_DYNAMIC_NO_PIC = NO;
				GCC_OPTIMIZATION_LEVEL = 0;
				GCC_PREPROCESSOR_DEFINITIONS = (
					"DEBUG=1",
					"$(inherited)",
				);
				GCC_SYMBOLS_PRIVATE_EXTERN = NO;
				GCC_WARN_64_TO_32_BIT_CONVERSION = YES;
				GCC_WARN_ABOUT_RETURN_TYPE = YES_ERROR;
				GCC_WARN_UNDECLARED_SELECTOR = YES;
				GCC_WARN_UNINITIALIZED_AUTOS = YES_AGGRESSIVE;
				GCC_WARN_UNUSED_FUNCTION = YES;
				GCC_WARN_UNUSED_VARIABLE = YES;
				IPHONEOS_DEPLOYMENT_TARGET = 8.1;
				MTL_ENABLE_DEBUG_INFO = YES;
				ONLY_ACTIVE_ARCH = YES;
				SDKROOT = iphoneos;
				SWIFT_OPTIMIZATION_LEVEL = "-Onone";
				TARGETED_DEVICE_FAMILY = "1,2";
			};
			name = Debug;
		};
		08C60AA91AAE5D7B001A09AC /* Release */ = {
			isa = XCBuildConfiguration;
			buildSettings = {
				ALWAYS_SEARCH_USER_PATHS = NO;
				CLANG_CXX_LANGUAGE_STANDARD = "gnu++0x";
				CLANG_CXX_LIBRARY = "libc++";
				CLANG_ENABLE_MODULES = YES;
				CLANG_ENABLE_OBJC_ARC = YES;
				CLANG_WARN_BOOL_CONVERSION = YES;
				CLANG_WARN_CONSTANT_CONVERSION = YES;
				CLANG_WARN_DIRECT_OBJC_ISA_USAGE = YES_ERROR;
				CLANG_WARN_EMPTY_BODY = YES;
				CLANG_WARN_ENUM_CONVERSION = YES;
				CLANG_WARN_INT_CONVERSION = YES;
				CLANG_WARN_OBJC_ROOT_CLASS = YES_ERROR;
				CLANG_WARN_UNREACHABLE_CODE = YES;
				CLANG_WARN__DUPLICATE_METHOD_MATCH = YES;
				"CODE_SIGN_IDENTITY[sdk=iphoneos*]" = "iPhone Developer";
				COPY_PHASE_STRIP = YES;
				ENABLE_NS_ASSERTIONS = NO;
				ENABLE_STRICT_OBJC_MSGSEND = YES;
				GCC_C_LANGUAGE_STANDARD = gnu99;
				GCC_WARN_64_TO_32_BIT_CONVERSION = YES;
				GCC_WARN_ABOUT_RETURN_TYPE = YES_ERROR;
				GCC_WARN_UNDECLARED_SELECTOR = YES;
				GCC_WARN_UNINITIALIZED_AUTOS = YES_AGGRESSIVE;
				GCC_WARN_UNUSED_FUNCTION = YES;
				GCC_WARN_UNUSED_VARIABLE = YES;
				IPHONEOS_DEPLOYMENT_TARGET = 8.1;
				MTL_ENABLE_DEBUG_INFO = NO;
				SDKROOT = iphoneos;
				TARGETED_DEVICE_FAMILY = "1,2";
				VALIDATE_PRODUCT = YES;
			};
			name = Release;
		};
		08C60AAB1AAE5D7B001A09AC /* Debug */ = {
			isa = XCBuildConfiguration;
			buildSettings = {
				ASSETCATALOG_COMPILER_APPICON_NAME = AppIcon;
				INFOPLIST_FILE = "Opean Weather/Info.plist";
				IPHONEOS_DEPLOYMENT_TARGET = 7.0;
				LD_RUNPATH_SEARCH_PATHS = "$(inherited) @executable_path/Frameworks";
				PRODUCT_NAME = "$(TARGET_NAME)";
			};
			name = Debug;
		};
		08C60AAC1AAE5D7B001A09AC /* Release */ = {
			isa = XCBuildConfiguration;
			buildSettings = {
				ASSETCATALOG_COMPILER_APPICON_NAME = AppIcon;
				INFOPLIST_FILE = "Opean Weather/Info.plist";
				IPHONEOS_DEPLOYMENT_TARGET = 7.0;
				LD_RUNPATH_SEARCH_PATHS = "$(inherited) @executable_path/Frameworks";
				PRODUCT_NAME = "$(TARGET_NAME)";
			};
			name = Release;
		};
		08C60AAE1AAE5D7B001A09AC /* Debug */ = {
			isa = XCBuildConfiguration;
			buildSettings = {
				BUNDLE_LOADER = "$(TEST_HOST)";
				FRAMEWORK_SEARCH_PATHS = (
					"$(SDKROOT)/Developer/Library/Frameworks",
					"$(inherited)",
				);
				GCC_PREPROCESSOR_DEFINITIONS = (
					"DEBUG=1",
					"$(inherited)",
				);
				INFOPLIST_FILE = "Opean WeatherTests/Info.plist";
				LD_RUNPATH_SEARCH_PATHS = "$(inherited) @executable_path/Frameworks @loader_path/Frameworks";
				PRODUCT_NAME = "$(TARGET_NAME)";
				TEST_HOST = "$(BUILT_PRODUCTS_DIR)/Opean Weather.app/Opean Weather";
			};
			name = Debug;
		};
		08C60AAF1AAE5D7B001A09AC /* Release */ = {
			isa = XCBuildConfiguration;
			buildSettings = {
				BUNDLE_LOADER = "$(TEST_HOST)";
				FRAMEWORK_SEARCH_PATHS = (
					"$(SDKROOT)/Developer/Library/Frameworks",
					"$(inherited)",
				);
				INFOPLIST_FILE = "Opean WeatherTests/Info.plist";
				LD_RUNPATH_SEARCH_PATHS = "$(inherited) @executable_path/Frameworks @loader_path/Frameworks";
				PRODUCT_NAME = "$(TARGET_NAME)";
				TEST_HOST = "$(BUILT_PRODUCTS_DIR)/Opean Weather.app/Opean Weather";
			};
			name = Release;
		};
/* End XCBuildConfiguration section */

/* Begin XCConfigurationList section */
		08C60A861AAE5D7B001A09AC /* Build configuration list for PBXProject "Opean Weather" */ = {
			isa = XCConfigurationList;
			buildConfigurations = (
				08C60AA81AAE5D7B001A09AC /* Debug */,
				08C60AA91AAE5D7B001A09AC /* Release */,
			);
			defaultConfigurationIsVisible = 0;
			defaultConfigurationName = Release;
		};
		08C60AAA1AAE5D7B001A09AC /* Build configuration list for PBXNativeTarget "Opean Weather" */ = {
			isa = XCConfigurationList;
			buildConfigurations = (
				08C60AAB1AAE5D7B001A09AC /* Debug */,
				08C60AAC1AAE5D7B001A09AC /* Release */,
			);
			defaultConfigurationIsVisible = 0;
		};
		08C60AAD1AAE5D7B001A09AC /* Build configuration list for PBXNativeTarget "Opean WeatherTests" */ = {
			isa = XCConfigurationList;
			buildConfigurations = (
				08C60AAE1AAE5D7B001A09AC /* Debug */,
				08C60AAF1AAE5D7B001A09AC /* Release */,
			);
			defaultConfigurationIsVisible = 0;
		};
/* End XCConfigurationList section */
	};
	rootObject = 08C60A831AAE5D7B001A09AC /* Project object */;
}
