// !$*UTF8*$!
{
	archiveVersion = 1;
	classes = {
	};
	objectVersion = 46;
	objects = {

/* Begin PBXBuildFile section */
		08B641111A804D5B0018E358 /* AppDelegate.swift in Sources */ = {isa = PBXBuildFile; fileRef = 08B641101A804D5B0018E358 /* AppDelegate.swift */; };
		08B641131A804D5B0018E358 /* ViewController.swift in Sources */ = {isa = PBXBuildFile; fileRef = 08B641121A804D5B0018E358 /* ViewController.swift */; };
		08B641161A804D5B0018E358 /* Main.storyboard in Resources */ = {isa = PBXBuildFile; fileRef = 08B641141A804D5B0018E358 /* Main.storyboard */; };
		08B641181A804D5B0018E358 /* Images.xcassets in Resources */ = {isa = PBXBuildFile; fileRef = 08B641171A804D5B0018E358 /* Images.xcassets */; };
		08B6411B1A804D5B0018E358 /* LaunchScreen.xib in Resources */ = {isa = PBXBuildFile; fileRef = 08B641191A804D5B0018E358 /* LaunchScreen.xib */; };
		08B641271A804D5B0018E358 /* ios_delegate_2FEB_KDHTests.swift in Sources */ = {isa = PBXBuildFile; fileRef = 08B641261A804D5B0018E358 /* ios_delegate_2FEB_KDHTests.swift */; };
/* End PBXBuildFile section */

/* Begin PBXContainerItemProxy section */
		08B641211A804D5B0018E358 /* PBXContainerItemProxy */ = {
			isa = PBXContainerItemProxy;
			containerPortal = 08B641031A804D5B0018E358 /* Project object */;
			proxyType = 1;
			remoteGlobalIDString = 08B6410A1A804D5B0018E358;
			remoteInfo = "ios delegate_2FEB_KDH";
		};
/* End PBXContainerItemProxy section */

/* Begin PBXFileReference section */
		08B6410B1A804D5B0018E358 /* ios delegate_2FEB_KDH.app */ = {isa = PBXFileReference; explicitFileType = wrapper.application; includeInIndex = 0; path = "ios delegate_2FEB_KDH.app"; sourceTree = BUILT_PRODUCTS_DIR; };
		08B6410F1A804D5B0018E358 /* Info.plist */ = {isa = PBXFileReference; lastKnownFileType = text.plist.xml; path = Info.plist; sourceTree = "<group>"; };
		08B641101A804D5B0018E358 /* AppDelegate.swift */ = {isa = PBXFileReference; lastKnownFileType = sourcecode.swift; path = AppDelegate.swift; sourceTree = "<group>"; };
		08B641121A804D5B0018E358 /* ViewController.swift */ = {isa = PBXFileReference; lastKnownFileType = sourcecode.swift; path = ViewController.swift; sourceTree = "<group>"; };
		08B641151A804D5B0018E358 /* Base */ = {isa = PBXFileReference; lastKnownFileType = file.storyboard; name = Base; path = Base.lproj/Main.storyboard; sourceTree = "<group>"; };
		08B641171A804D5B0018E358 /* Images.xcassets */ = {isa = PBXFileReference; lastKnownFileType = folder.assetcatalog; path = Images.xcassets; sourceTree = "<group>"; };
		08B6411A1A804D5B0018E358 /* Base */ = {isa = PBXFileReference; lastKnownFileType = file.xib; name = Base; path = Base.lproj/LaunchScreen.xib; sourceTree = "<group>"; };
		08B641201A804D5B0018E358 /* ios delegate_2FEB_KDHTests.xctest */ = {isa = PBXFileReference; explicitFileType = wrapper.cfbundle; includeInIndex = 0; path = "ios delegate_2FEB_KDHTests.xctest"; sourceTree = BUILT_PRODUCTS_DIR; };
		08B641251A804D5B0018E358 /* Info.plist */ = {isa = PBXFileReference; lastKnownFileType = text.plist.xml; path = Info.plist; sourceTree = "<group>"; };
		08B641261A804D5B0018E358 /* ios_delegate_2FEB_KDHTests.swift */ = {isa = PBXFileReference; lastKnownFileType = sourcecode.swift; path = ios_delegate_2FEB_KDHTests.swift; sourceTree = "<group>"; };
/* End PBXFileReference section */

/* Begin PBXFrameworksBuildPhase section */
		08B641081A804D5B0018E358 /* Frameworks */ = {
			isa = PBXFrameworksBuildPhase;
			buildActionMask = 2147483647;
			files = (
			);
			runOnlyForDeploymentPostprocessing = 0;
		};
		08B6411D1A804D5B0018E358 /* Frameworks */ = {
			isa = PBXFrameworksBuildPhase;
			buildActionMask = 2147483647;
			files = (
			);
			runOnlyForDeploymentPostprocessing = 0;
		};
/* End PBXFrameworksBuildPhase section */

/* Begin PBXGroup section */
		08B641021A804D5B0018E358 = {
			isa = PBXGroup;
			children = (
				08B6410D1A804D5B0018E358 /* ios delegate_2FEB_KDH */,
				08B641231A804D5B0018E358 /* ios delegate_2FEB_KDHTests */,
				08B6410C1A804D5B0018E358 /* Products */,
			);
			sourceTree = "<group>";
		};
		08B6410C1A804D5B0018E358 /* Products */ = {
			isa = PBXGroup;
			children = (
				08B6410B1A804D5B0018E358 /* ios delegate_2FEB_KDH.app */,
				08B641201A804D5B0018E358 /* ios delegate_2FEB_KDHTests.xctest */,
			);
			name = Products;
			sourceTree = "<group>";
		};
		08B6410D1A804D5B0018E358 /* ios delegate_2FEB_KDH */ = {
			isa = PBXGroup;
			children = (
				08B641101A804D5B0018E358 /* AppDelegate.swift */,
				08B641121A804D5B0018E358 /* ViewController.swift */,
				08B641141A804D5B0018E358 /* Main.storyboard */,
				08B641171A804D5B0018E358 /* Images.xcassets */,
				08B641191A804D5B0018E358 /* LaunchScreen.xib */,
				08B6410E1A804D5B0018E358 /* Supporting Files */,
			);
			path = "ios delegate_2FEB_KDH";
			sourceTree = "<group>";
		};
		08B6410E1A804D5B0018E358 /* Supporting Files */ = {
			isa = PBXGroup;
			children = (
				08B6410F1A804D5B0018E358 /* Info.plist */,
			);
			name = "Supporting Files";
			sourceTree = "<group>";
		};
		08B641231A804D5B0018E358 /* ios delegate_2FEB_KDHTests */ = {
			isa = PBXGroup;
			children = (
				08B641261A804D5B0018E358 /* ios_delegate_2FEB_KDHTests.swift */,
				08B641241A804D5B0018E358 /* Supporting Files */,
			);
			path = "ios delegate_2FEB_KDHTests";
			sourceTree = "<group>";
		};
		08B641241A804D5B0018E358 /* Supporting Files */ = {
			isa = PBXGroup;
			children = (
				08B641251A804D5B0018E358 /* Info.plist */,
			);
			name = "Supporting Files";
			sourceTree = "<group>";
		};
/* End PBXGroup section */

/* Begin PBXNativeTarget section */
		08B6410A1A804D5B0018E358 /* ios delegate_2FEB_KDH */ = {
			isa = PBXNativeTarget;
			buildConfigurationList = 08B6412A1A804D5B0018E358 /* Build configuration list for PBXNativeTarget "ios delegate_2FEB_KDH" */;
			buildPhases = (
				08B641071A804D5B0018E358 /* Sources */,
				08B641081A804D5B0018E358 /* Frameworks */,
				08B641091A804D5B0018E358 /* Resources */,
			);
			buildRules = (
			);
			dependencies = (
			);
			name = "ios delegate_2FEB_KDH";
			productName = "ios delegate_2FEB_KDH";
			productReference = 08B6410B1A804D5B0018E358 /* ios delegate_2FEB_KDH.app */;
			productType = "com.apple.product-type.application";
		};
		08B6411F1A804D5B0018E358 /* ios delegate_2FEB_KDHTests */ = {
			isa = PBXNativeTarget;
			buildConfigurationList = 08B6412D1A804D5B0018E358 /* Build configuration list for PBXNativeTarget "ios delegate_2FEB_KDHTests" */;
			buildPhases = (
				08B6411C1A804D5B0018E358 /* Sources */,
				08B6411D1A804D5B0018E358 /* Frameworks */,
				08B6411E1A804D5B0018E358 /* Resources */,
			);
			buildRules = (
			);
			dependencies = (
				08B641221A804D5B0018E358 /* PBXTargetDependency */,
			);
			name = "ios delegate_2FEB_KDHTests";
			productName = "ios delegate_2FEB_KDHTests";
			productReference = 08B641201A804D5B0018E358 /* ios delegate_2FEB_KDHTests.xctest */;
			productType = "com.apple.product-type.bundle.unit-test";
		};
/* End PBXNativeTarget section */

/* Begin PBXProject section */
		08B641031A804D5B0018E358 /* Project object */ = {
			isa = PBXProject;
			attributes = {
				LastUpgradeCheck = 0610;
				ORGANIZATIONNAME = "Kathryn Hill";
				TargetAttributes = {
					08B6410A1A804D5B0018E358 = {
						CreatedOnToolsVersion = 6.1.1;
					};
					08B6411F1A804D5B0018E358 = {
						CreatedOnToolsVersion = 6.1.1;
						TestTargetID = 08B6410A1A804D5B0018E358;
					};
				};
			};
			buildConfigurationList = 08B641061A804D5B0018E358 /* Build configuration list for PBXProject "ios delegate_2FEB_KDH" */;
			compatibilityVersion = "Xcode 3.2";
			developmentRegion = English;
			hasScannedForEncodings = 0;
			knownRegions = (
				en,
				Base,
			);
			mainGroup = 08B641021A804D5B0018E358;
			productRefGroup = 08B6410C1A804D5B0018E358 /* Products */;
			projectDirPath = "";
			projectRoot = "";
			targets = (
				08B6410A1A804D5B0018E358 /* ios delegate_2FEB_KDH */,
				08B6411F1A804D5B0018E358 /* ios delegate_2FEB_KDHTests */,
			);
		};
/* End PBXProject section */

/* Begin PBXResourcesBuildPhase section */
		08B641091A804D5B0018E358 /* Resources */ = {
			isa = PBXResourcesBuildPhase;
			buildActionMask = 2147483647;
			files = (
				08B641161A804D5B0018E358 /* Main.storyboard in Resources */,
				08B6411B1A804D5B0018E358 /* LaunchScreen.xib in Resources */,
				08B641181A804D5B0018E358 /* Images.xcassets in Resources */,
			);
			runOnlyForDeploymentPostprocessing = 0;
		};
		08B6411E1A804D5B0018E358 /* Resources */ = {
			isa = PBXResourcesBuildPhase;
			buildActionMask = 2147483647;
			files = (
			);
			runOnlyForDeploymentPostprocessing = 0;
		};
/* End PBXResourcesBuildPhase section */

/* Begin PBXSourcesBuildPhase section */
		08B641071A804D5B0018E358 /* Sources */ = {
			isa = PBXSourcesBuildPhase;
			buildActionMask = 2147483647;
			files = (
				08B641131A804D5B0018E358 /* ViewController.swift in Sources */,
				08B641111A804D5B0018E358 /* AppDelegate.swift in Sources */,
			);
			runOnlyForDeploymentPostprocessing = 0;
		};
		08B6411C1A804D5B0018E358 /* Sources */ = {
			isa = PBXSourcesBuildPhase;
			buildActionMask = 2147483647;
			files = (
				08B641271A804D5B0018E358 /* ios_delegate_2FEB_KDHTests.swift in Sources */,
			);
			runOnlyForDeploymentPostprocessing = 0;
		};
/* End PBXSourcesBuildPhase section */

/* Begin PBXTargetDependency section */
		08B641221A804D5B0018E358 /* PBXTargetDependency */ = {
			isa = PBXTargetDependency;
			target = 08B6410A1A804D5B0018E358 /* ios delegate_2FEB_KDH */;
			targetProxy = 08B641211A804D5B0018E358 /* PBXContainerItemProxy */;
		};
/* End PBXTargetDependency section */

/* Begin PBXVariantGroup section */
		08B641141A804D5B0018E358 /* Main.storyboard */ = {
			isa = PBXVariantGroup;
			children = (
				08B641151A804D5B0018E358 /* Base */,
			);
			name = Main.storyboard;
			sourceTree = "<group>";
		};
		08B641191A804D5B0018E358 /* LaunchScreen.xib */ = {
			isa = PBXVariantGroup;
			children = (
				08B6411A1A804D5B0018E358 /* Base */,
			);
			name = LaunchScreen.xib;
			sourceTree = "<group>";
		};
/* End PBXVariantGroup section */

/* Begin XCBuildConfiguration section */
		08B641281A804D5B0018E358 /* Debug */ = {
			isa = XCBuildConfiguration;
			buildSettings = {
				ALWAYS_SEARCH_USER_PATHS = NO;
				CLANG_CXX_LANGUAGE_STANDARD = "gnu++0x";
				CLANG_CXX_LIBRARY = "libc++";
				CLANG_ENABLE_MODULES = YES;
				CLANG_ENABLE_OBJC_ARC = YES;
				CLANG_WARN_BOOL_CONVERSION = YES;
				CLANG_WARN_CONSTANT_CONVERSION = YES;
				CLANG_WARN_DIRECT_OBJC_ISA_USAGE = YES_ERROR;
				CLANG_WARN_EMPTY_BODY = YES;
				CLANG_WARN_ENUM_CONVERSION = YES;
				CLANG_WARN_INT_CONVERSION = YES;
				CLANG_WARN_OBJC_ROOT_CLASS = YES_ERROR;
				CLANG_WARN_UNREACHABLE_CODE = YES;
				CLANG_WARN__DUPLICATE_METHOD_MATCH = YES;
				"CODE_SIGN_IDENTITY[sdk=iphoneos*]" = "iPhone Developer";
				COPY_PHASE_STRIP = NO;
				ENABLE_STRICT_OBJC_MSGSEND = YES;
				GCC_C_LANGUAGE_STANDARD = gnu99;
				GCC_DYNAMIC_NO_PIC = NO;
				GCC_OPTIMIZATION_LEVEL = 0;
				GCC_PREPROCESSOR_DEFINITIONS = (
					"DEBUG=1",
					"$(inherited)",
				);
				GCC_SYMBOLS_PRIVATE_EXTERN = NO;
				GCC_WARN_64_TO_32_BIT_CONVERSION = YES;
				GCC_WARN_ABOUT_RETURN_TYPE = YES_ERROR;
				GCC_WARN_UNDECLARED_SELECTOR = YES;
				GCC_WARN_UNINITIALIZED_AUTOS = YES_AGGRESSIVE;
				GCC_WARN_UNUSED_FUNCTION = YES;
				GCC_WARN_UNUSED_VARIABLE = YES;
				IPHONEOS_DEPLOYMENT_TARGET = 8.1;
				MTL_ENABLE_DEBUG_INFO = YES;
				ONLY_ACTIVE_ARCH = YES;
				SDKROOT = iphoneos;
				SWIFT_OPTIMIZATION_LEVEL = "-Onone";
			};
			name = Debug;
		};
		08B641291A804D5B0018E358 /* Release */ = {
			isa = XCBuildConfiguration;
			buildSettings = {
				ALWAYS_SEARCH_USER_PATHS = NO;
				CLANG_CXX_LANGUAGE_STANDARD = "gnu++0x";
				CLANG_CXX_LIBRARY = "libc++";
				CLANG_ENABLE_MODULES = YES;
				CLANG_ENABLE_OBJC_ARC = YES;
				CLANG_WARN_BOOL_CONVERSION = YES;
				CLANG_WARN_CONSTANT_CONVERSION = YES;
				CLANG_WARN_DIRECT_OBJC_ISA_USAGE = YES_ERROR;
				CLANG_WARN_EMPTY_BODY = YES;
				CLANG_WARN_ENUM_CONVERSION = YES;
				CLANG_WARN_INT_CONVERSION = YES;
				CLANG_WARN_OBJC_ROOT_CLASS = YES_ERROR;
				CLANG_WARN_UNREACHABLE_CODE = YES;
				CLANG_WARN__DUPLICATE_METHOD_MATCH = YES;
				"CODE_SIGN_IDENTITY[sdk=iphoneos*]" = "iPhone Developer";
				COPY_PHASE_STRIP = YES;
				ENABLE_NS_ASSERTIONS = NO;
				ENABLE_STRICT_OBJC_MSGSEND = YES;
				GCC_C_LANGUAGE_STANDARD = gnu99;
				GCC_WARN_64_TO_32_BIT_CONVERSION = YES;
				GCC_WARN_ABOUT_RETURN_TYPE = YES_ERROR;
				GCC_WARN_UNDECLARED_SELECTOR = YES;
				GCC_WARN_UNINITIALIZED_AUTOS = YES_AGGRESSIVE;
				GCC_WARN_UNUSED_FUNCTION = YES;
				GCC_WARN_UNUSED_VARIABLE = YES;
				IPHONEOS_DEPLOYMENT_TARGET = 8.1;
				MTL_ENABLE_DEBUG_INFO = NO;
				SDKROOT = iphoneos;
				VALIDATE_PRODUCT = YES;
			};
			name = Release;
		};
		08B6412B1A804D5B0018E358 /* Debug */ = {
			isa = XCBuildConfiguration;
			buildSettings = {
				ASSETCATALOG_COMPILER_APPICON_NAME = AppIcon;
				INFOPLIST_FILE = "ios delegate_2FEB_KDH/Info.plist";
				LD_RUNPATH_SEARCH_PATHS = "$(inherited) @executable_path/Frameworks";
				PRODUCT_NAME = "$(TARGET_NAME)";
			};
			name = Debug;
		};
		08B6412C1A804D5B0018E358 /* Release */ = {
			isa = XCBuildConfiguration;
			buildSettings = {
				ASSETCATALOG_COMPILER_APPICON_NAME = AppIcon;
				INFOPLIST_FILE = "ios delegate_2FEB_KDH/Info.plist";
				LD_RUNPATH_SEARCH_PATHS = "$(inherited) @executable_path/Frameworks";
				PRODUCT_NAME = "$(TARGET_NAME)";
			};
			name = Release;
		};
		08B6412E1A804D5B0018E358 /* Debug */ = {
			isa = XCBuildConfiguration;
			buildSettings = {
				BUNDLE_LOADER = "$(TEST_HOST)";
				FRAMEWORK_SEARCH_PATHS = (
					"$(SDKROOT)/Developer/Library/Frameworks",
					"$(inherited)",
				);
				GCC_PREPROCESSOR_DEFINITIONS = (
					"DEBUG=1",
					"$(inherited)",
				);
				INFOPLIST_FILE = "ios delegate_2FEB_KDHTests/Info.plist";
				LD_RUNPATH_SEARCH_PATHS = "$(inherited) @executable_path/Frameworks @loader_path/Frameworks";
				PRODUCT_NAME = "$(TARGET_NAME)";
				TEST_HOST = "$(BUILT_PRODUCTS_DIR)/ios delegate_2FEB_KDH.app/ios delegate_2FEB_KDH";
			};
			name = Debug;
		};
		08B6412F1A804D5B0018E358 /* Release */ = {
			isa = XCBuildConfiguration;
			buildSettings = {
				BUNDLE_LOADER = "$(TEST_HOST)";
				FRAMEWORK_SEARCH_PATHS = (
					"$(SDKROOT)/Developer/Library/Frameworks",
					"$(inherited)",
				);
				INFOPLIST_FILE = "ios delegate_2FEB_KDHTests/Info.plist";
				LD_RUNPATH_SEARCH_PATHS = "$(inherited) @executable_path/Frameworks @loader_path/Frameworks";
				PRODUCT_NAME = "$(TARGET_NAME)";
				TEST_HOST = "$(BUILT_PRODUCTS_DIR)/ios delegate_2FEB_KDH.app/ios delegate_2FEB_KDH";
			};
			name = Release;
		};
/* End XCBuildConfiguration section */

/* Begin XCConfigurationList section */
		08B641061A804D5B0018E358 /* Build configuration list for PBXProject "ios delegate_2FEB_KDH" */ = {
			isa = XCConfigurationList;
			buildConfigurations = (
				08B641281A804D5B0018E358 /* Debug */,
				08B641291A804D5B0018E358 /* Release */,
			);
			defaultConfigurationIsVisible = 0;
			defaultConfigurationName = Release;
		};
		08B6412A1A804D5B0018E358 /* Build configuration list for PBXNativeTarget "ios delegate_2FEB_KDH" */ = {
			isa = XCConfigurationList;
			buildConfigurations = (
				08B6412B1A804D5B0018E358 /* Debug */,
				08B6412C1A804D5B0018E358 /* Release */,
			);
			defaultConfigurationIsVisible = 0;
		};
		08B6412D1A804D5B0018E358 /* Build configuration list for PBXNativeTarget "ios delegate_2FEB_KDHTests" */ = {
			isa = XCConfigurationList;
			buildConfigurations = (
				08B6412E1A804D5B0018E358 /* Debug */,
				08B6412F1A804D5B0018E358 /* Release */,
			);
			defaultConfigurationIsVisible = 0;
		};
/* End XCConfigurationList section */
	};
	rootObject = 08B641031A804D5B0018E358 /* Project object */;
}
